// !$*UTF8*$!
{
	archiveVersion = 1;
	classes = {
	};
	objectVersion = 52;
	objects = {

/* Begin PBXBuildFile section */
		1A10584A25E897860006E732 /* FeedStoreSpecs.swift in Sources */ = {isa = PBXBuildFile; fileRef = 1A10584925E897860006E732 /* FeedStoreSpecs.swift */; };
		1A10584F25E898070006E732 /* XCTestCase+FeedStoreSpecs.swift in Sources */ = {isa = PBXBuildFile; fileRef = 1A10584E25E898070006E732 /* XCTestCase+FeedStoreSpecs.swift */; };
		1A10585425E89D4D0006E732 /* XCTestCase+FailableRetrieveFeedStoreSpecs.swift in Sources */ = {isa = PBXBuildFile; fileRef = 1A10585325E89D4D0006E732 /* XCTestCase+FailableRetrieveFeedStoreSpecs.swift */; };
		1A10585A25E89DC80006E732 /* XCTestCase+FailableInsertFeedStoreSpecs.swift in Sources */ = {isa = PBXBuildFile; fileRef = 1A10585925E89DC80006E732 /* XCTestCase+FailableInsertFeedStoreSpecs.swift */; };
		1A10586D25E8A0050006E732 /* XCTestCase+FailableDeleteFeedStoreSpecs.swift in Sources */ = {isa = PBXBuildFile; fileRef = 1A10586C25E8A0050006E732 /* XCTestCase+FailableDeleteFeedStoreSpecs.swift */; };
		1A242F94266AF26A00ABC1B1 /* FeedViewControllerTests+Localization.swift in Sources */ = {isa = PBXBuildFile; fileRef = 1A242F93266AF26A00ABC1B1 /* FeedViewControllerTests+Localization.swift */; };
		1A242FC6266BD4A500ABC1B1 /* MainQueueDispatchDecorator.swift in Sources */ = {isa = PBXBuildFile; fileRef = 1A242FC5266BD4A500ABC1B1 /* MainQueueDispatchDecorator.swift */; };
		1A242FCD266BD50B00ABC1B1 /* FeedImageDataLoaderPresentationAdapter.swift in Sources */ = {isa = PBXBuildFile; fileRef = 1A242FCC266BD50B00ABC1B1 /* FeedImageDataLoaderPresentationAdapter.swift */; };
		1A242FD4266BD52C00ABC1B1 /* FeedLoaderPresentationAdapter.swift in Sources */ = {isa = PBXBuildFile; fileRef = 1A242FD3266BD52C00ABC1B1 /* FeedLoaderPresentationAdapter.swift */; };
		1A242FDB266BD54B00ABC1B1 /* FeedViewAdapter.swift in Sources */ = {isa = PBXBuildFile; fileRef = 1A242FDA266BD54B00ABC1B1 /* FeedViewAdapter.swift */; };
		1A242FE2266BD56700ABC1B1 /* WeakRefVirtualProxy.swift in Sources */ = {isa = PBXBuildFile; fileRef = 1A242FE1266BD56700ABC1B1 /* WeakRefVirtualProxy.swift */; };
		1A3DD7382611234000743A4D /* EssentialFeedCacheIntegrationTests.swift in Sources */ = {isa = PBXBuildFile; fileRef = 1A3DD7372611234000743A4D /* EssentialFeedCacheIntegrationTests.swift */; };
		1A3DD73A2611234000743A4D /* EssentialFeed.framework in Frameworks */ = {isa = PBXBuildFile; fileRef = 1AE1E01825CE1B02006EFDFC /* EssentialFeed.framework */; };
		1A51D34F260164A800DC384F /* FeedStore.xcdatamodeld in Sources */ = {isa = PBXBuildFile; fileRef = 1ADDD62826002F3A00024FE4 /* FeedStore.xcdatamodeld */; };
		1A51D3632601882F00DC384F /* CoreDataHelpers.swift in Sources */ = {isa = PBXBuildFile; fileRef = 1A51D3622601882F00DC384F /* CoreDataHelpers.swift */; };
		1A51D368260188A700DC384F /* ManagedCache.swift in Sources */ = {isa = PBXBuildFile; fileRef = 1A51D367260188A700DC384F /* ManagedCache.swift */; };
		1A51D36D260188D300DC384F /* ManagedFeedImage.swift in Sources */ = {isa = PBXBuildFile; fileRef = 1A51D36C260188D300DC384F /* ManagedFeedImage.swift */; };
		1A77244C25E1DFFE00691D74 /* LoadFeedFromCacheUseCaseTests.swift in Sources */ = {isa = PBXBuildFile; fileRef = 1A77244B25E1DFFE00691D74 /* LoadFeedFromCacheUseCaseTests.swift */; };
		1A77245225E1E11100691D74 /* FeedStoreSpy.swift in Sources */ = {isa = PBXBuildFile; fileRef = 1A77245125E1E11100691D74 /* FeedStoreSpy.swift */; };
		1A77245E25E33F0F00691D74 /* ValidateFeedCacheUseCaseTests.swift in Sources */ = {isa = PBXBuildFile; fileRef = 1A77245D25E33F0F00691D74 /* ValidateFeedCacheUseCaseTests.swift */; };
		1A77246325E3430D00691D74 /* FeedCacheTestHelpers.swift in Sources */ = {isa = PBXBuildFile; fileRef = 1A77246225E3430D00691D74 /* FeedCacheTestHelpers.swift */; };
		1A77246825E3439100691D74 /* SharedTestHelpers.swift in Sources */ = {isa = PBXBuildFile; fileRef = 1A77246725E3439100691D74 /* SharedTestHelpers.swift */; };
		1A77246D25E3E67900691D74 /* FeedCachePolicy.swift in Sources */ = {isa = PBXBuildFile; fileRef = 1A77246C25E3E67900691D74 /* FeedCachePolicy.swift */; };
		1A85CAA7261A0C4D00F219D2 /* EssentialFeediOS.framework in Frameworks */ = {isa = PBXBuildFile; fileRef = 1A85CA9E261A0C4C00F219D2 /* EssentialFeediOS.framework */; };
		1A8E8B3E2659736300632F98 /* UIView+Shimmering.swift in Sources */ = {isa = PBXBuildFile; fileRef = 1A8E8B3D2659736300632F98 /* UIView+Shimmering.swift */; };
		1A9EE0622611270C004EBD03 /* XCTestCase+MemoryLeakTracking.swift in Sources */ = {isa = PBXBuildFile; fileRef = 1AC716DB25D21DC0008BD1C2 /* XCTestCase+MemoryLeakTracking.swift */; };
		1A9EE067261128CC004EBD03 /* FeedCacheTestHelpers.swift in Sources */ = {isa = PBXBuildFile; fileRef = 1A77246225E3430D00691D74 /* FeedCacheTestHelpers.swift */; };
		1A9EE06C261128D5004EBD03 /* SharedTestHelpers.swift in Sources */ = {isa = PBXBuildFile; fileRef = 1A77246725E3439100691D74 /* SharedTestHelpers.swift */; };
		1AB6544527121D6D00F10A91 /* HTTPClientSpy.swift in Sources */ = {isa = PBXBuildFile; fileRef = 1AB6544427121D6D00F10A91 /* HTTPClientSpy.swift */; };
		1AB6544727121F4A00F10A91 /* RemoteFeedImageDataLoader.swift in Sources */ = {isa = PBXBuildFile; fileRef = 1AB6544627121F4A00F10A91 /* RemoteFeedImageDataLoader.swift */; };
		1AB6544A2712288000F10A91 /* HTTPURLResponse+StatusCode.swift in Sources */ = {isa = PBXBuildFile; fileRef = 1AB654492712288000F10A91 /* HTTPURLResponse+StatusCode.swift */; };
		1AB6544C271228E000F10A91 /* URLProtocolStub.swift in Sources */ = {isa = PBXBuildFile; fileRef = 1AB6544B271228E000F10A91 /* URLProtocolStub.swift */; };
		1AC716D525D205DB008BD1C2 /* URLSessionHTTPClientTests.swift in Sources */ = {isa = PBXBuildFile; fileRef = 1AC716D425D205DB008BD1C2 /* URLSessionHTTPClientTests.swift */; };
		1AC716DC25D21DC0008BD1C2 /* XCTestCase+MemoryLeakTracking.swift in Sources */ = {isa = PBXBuildFile; fileRef = 1AC716DB25D21DC0008BD1C2 /* XCTestCase+MemoryLeakTracking.swift */; };
		1AC716E625D34C97008BD1C2 /* URLSessionHTTPClient.swift in Sources */ = {isa = PBXBuildFile; fileRef = 1AC716E525D34C97008BD1C2 /* URLSessionHTTPClient.swift */; };
		1AC716F025D35019008BD1C2 /* EssentialFeedAPIEndToEndTests.swift in Sources */ = {isa = PBXBuildFile; fileRef = 1AC716EF25D35019008BD1C2 /* EssentialFeedAPIEndToEndTests.swift */; };
		1AC716F225D35019008BD1C2 /* EssentialFeed.framework in Frameworks */ = {isa = PBXBuildFile; fileRef = 1AE1E01825CE1B02006EFDFC /* EssentialFeed.framework */; };
		1AC716FB25D3556A008BD1C2 /* XCTestCase+MemoryLeakTracking.swift in Sources */ = {isa = PBXBuildFile; fileRef = 1AC716DB25D21DC0008BD1C2 /* XCTestCase+MemoryLeakTracking.swift */; };
		1AC71A1B25D9631E008BD1C2 /* CacheFeedUseCaseTests.swift in Sources */ = {isa = PBXBuildFile; fileRef = 1AC71A1A25D9631E008BD1C2 /* CacheFeedUseCaseTests.swift */; };
		1AC71EF325DC878D008BD1C2 /* LocalFeedLoader.swift in Sources */ = {isa = PBXBuildFile; fileRef = 1AC71EF225DC878D008BD1C2 /* LocalFeedLoader.swift */; };
		1AC71EF825DC8809008BD1C2 /* FeedStore.swift in Sources */ = {isa = PBXBuildFile; fileRef = 1AC71EF725DC8809008BD1C2 /* FeedStore.swift */; };
		1AC71EFD25DC92B7008BD1C2 /* RemoteFeedItem.swift in Sources */ = {isa = PBXBuildFile; fileRef = 1AC71EFC25DC92B7008BD1C2 /* RemoteFeedItem.swift */; };
		1AC71F0225DC92FF008BD1C2 /* LocalFeedImage.swift in Sources */ = {isa = PBXBuildFile; fileRef = 1AC71F0125DC92FF008BD1C2 /* LocalFeedImage.swift */; };
		1ACD7E6026FB41F700C0AABB /* FeedImageDataLoader.swift in Sources */ = {isa = PBXBuildFile; fileRef = 1AFCAC22265AAD7C001A417C /* FeedImageDataLoader.swift */; };
		1ACD7E6226FB426000C0AABB /* LoadFeedImageDataFromRemoteUseCaseTests.swift in Sources */ = {isa = PBXBuildFile; fileRef = 1ACD7E6126FB426000C0AABB /* LoadFeedImageDataFromRemoteUseCaseTests.swift */; };
		1ACD9B422713571600BB6115 /* LoadFeedImageDataFromCacheUseCaseTests.swift in Sources */ = {isa = PBXBuildFile; fileRef = 1ACD9B412713571600BB6115 /* LoadFeedImageDataFromCacheUseCaseTests.swift */; };
		1ACD9B4427135EF000BB6115 /* FeedImageDataStore.swift in Sources */ = {isa = PBXBuildFile; fileRef = 1ACD9B4327135EF000BB6115 /* FeedImageDataStore.swift */; };
		1ACD9B4627135F1B00BB6115 /* LocalFeedImageDataLoader.swift in Sources */ = {isa = PBXBuildFile; fileRef = 1ACD9B4527135F1B00BB6115 /* LocalFeedImageDataLoader.swift */; };
		1ACD9B48271366D800BB6115 /* FeedImageDataStoreSpy.swift in Sources */ = {isa = PBXBuildFile; fileRef = 1ACD9B47271366D800BB6115 /* FeedImageDataStoreSpy.swift */; };
		1AD11AEE26F217E1004773BD /* UIRefreshControl+Helpers.swift in Sources */ = {isa = PBXBuildFile; fileRef = 1AD11AED26F217E1004773BD /* UIRefreshControl+Helpers.swift */; };
		1AD11AF826F6691E004773BD /* FeedPresenter.swift in Sources */ = {isa = PBXBuildFile; fileRef = 1AD11AF726F6691E004773BD /* FeedPresenter.swift */; };
		1AD11AF926F66A13004773BD /* Feed.strings in Resources */ = {isa = PBXBuildFile; fileRef = 1AD11AF326F4C461004773BD /* Feed.strings */; };
		1AD11B0326F66F04004773BD /* FeedViewModel.swift in Sources */ = {isa = PBXBuildFile; fileRef = 1AD11B0226F66F04004773BD /* FeedViewModel.swift */; };
		1AD11B0526F66F41004773BD /* FeedLoadingViewModel.swift in Sources */ = {isa = PBXBuildFile; fileRef = 1AD11B0426F66F41004773BD /* FeedLoadingViewModel.swift */; };
		1AD11B0726F66F78004773BD /* FeedErrorViewModel.swift in Sources */ = {isa = PBXBuildFile; fileRef = 1AD11B0626F66F78004773BD /* FeedErrorViewModel.swift */; };
		1AD11B0826F67C2C004773BD /* FeedLocalizationTests.swift in Sources */ = {isa = PBXBuildFile; fileRef = 1A242FB9266AF49300ABC1B1 /* FeedLocalizationTests.swift */; };
		1AD11B0A26F6AA92004773BD /* FeedImagePresenterTests.swift in Sources */ = {isa = PBXBuildFile; fileRef = 1AD11B0926F6AA92004773BD /* FeedImagePresenterTests.swift */; };
		1AD11B0C26F6B229004773BD /* FeedImagePresenter.swift in Sources */ = {isa = PBXBuildFile; fileRef = 1AD11B0B26F6B229004773BD /* FeedImagePresenter.swift */; };
		1AD11B0E26F6B2C4004773BD /* FeedImageViewModel.swift in Sources */ = {isa = PBXBuildFile; fileRef = 1AD11B0D26F6B2C4004773BD /* FeedImageViewModel.swift */; };
		1AD2B84926417B4900AE624C /* FeedUIIntegrationTests.swift in Sources */ = {isa = PBXBuildFile; fileRef = 1AD2B84826417B4900AE624C /* FeedUIIntegrationTests.swift */; };
		1AD2B85126417FD100AE624C /* EssentialFeed.framework in Frameworks */ = {isa = PBXBuildFile; fileRef = 1AE1E01825CE1B02006EFDFC /* EssentialFeed.framework */; platformFilter = ios; };
		1AD2B85226417FD100AE624C /* EssentialFeed.framework in Embed Frameworks */ = {isa = PBXBuildFile; fileRef = 1AE1E01825CE1B02006EFDFC /* EssentialFeed.framework */; platformFilter = ios; settings = {ATTRIBUTES = (CodeSignOnCopy, RemoveHeadersOnCopy, ); }; };
		1AD2B85B264180AD00AE624C /* XCTestCase+MemoryLeakTracking.swift in Sources */ = {isa = PBXBuildFile; fileRef = 1AC716DB25D21DC0008BD1C2 /* XCTestCase+MemoryLeakTracking.swift */; };
		1ADA365A2648ABFB00F25363 /* FeedImageCell.swift in Sources */ = {isa = PBXBuildFile; fileRef = 1ADA36592648ABFB00F25363 /* FeedImageCell.swift */; };
		1ADDD61B26002C3700024FE4 /* CoreDataFeedStoreTests.swift in Sources */ = {isa = PBXBuildFile; fileRef = 1ADDD61A26002C3700024FE4 /* CoreDataFeedStoreTests.swift */; };
		1ADDD62126002CC800024FE4 /* CoreDataFeedStore.swift in Sources */ = {isa = PBXBuildFile; fileRef = 1ADDD62026002CC800024FE4 /* CoreDataFeedStore.swift */; };
		1AE1E02225CE1B03006EFDFC /* EssentialFeed.framework in Frameworks */ = {isa = PBXBuildFile; fileRef = 1AE1E01825CE1B02006EFDFC /* EssentialFeed.framework */; };
		1AE1E03525CE1B12006EFDFC /* FeedImage.swift in Sources */ = {isa = PBXBuildFile; fileRef = 1AE1E03425CE1B12006EFDFC /* FeedImage.swift */; };
		1AE1E03925CE1B6B006EFDFC /* FeedLoader.swift in Sources */ = {isa = PBXBuildFile; fileRef = 1AE1E03825CE1B6B006EFDFC /* FeedLoader.swift */; };
		1AE1E04025CE227A006EFDFC /* LoadFeedFromRemoteUseCaseTests.swift in Sources */ = {isa = PBXBuildFile; fileRef = 1AE1E03F25CE227A006EFDFC /* LoadFeedFromRemoteUseCaseTests.swift */; };
		1AE1E05825CF15AA006EFDFC /* RemoteFeedLoader.swift in Sources */ = {isa = PBXBuildFile; fileRef = 1AE1E05725CF15AA006EFDFC /* RemoteFeedLoader.swift */; };
		1AE1E05E25D0BE03006EFDFC /* HTTPClient.swift in Sources */ = {isa = PBXBuildFile; fileRef = 1AE1E05D25D0BE03006EFDFC /* HTTPClient.swift */; };
		1AE1E06225D0BE4A006EFDFC /* FeedItemsMapper.swift in Sources */ = {isa = PBXBuildFile; fileRef = 1AE1E06125D0BE4A006EFDFC /* FeedItemsMapper.swift */; };
		1AE4CC6E26EF704A0003EB52 /* FeedViewController+TestHelpers.swift in Sources */ = {isa = PBXBuildFile; fileRef = 1AE4CC6D26EF704A0003EB52 /* FeedViewController+TestHelpers.swift */; };
		1AE4CC7026EF72580003EB52 /* FeedImageCell+TestHelpers.swift in Sources */ = {isa = PBXBuildFile; fileRef = 1AE4CC6F26EF72580003EB52 /* FeedImageCell+TestHelpers.swift */; };
		1AE4CC7226EF72AA0003EB52 /* UIButton+TestHelpers.swift in Sources */ = {isa = PBXBuildFile; fileRef = 1AE4CC7126EF72AA0003EB52 /* UIButton+TestHelpers.swift */; };
		1AE4CC7426EF72D10003EB52 /* UIRefreshControl+TestHelpers.swift in Sources */ = {isa = PBXBuildFile; fileRef = 1AE4CC7326EF72D10003EB52 /* UIRefreshControl+TestHelpers.swift */; };
		1AE4CC7626EF72EC0003EB52 /* UIImage+TestHelpers.swift in Sources */ = {isa = PBXBuildFile; fileRef = 1AE4CC7526EF72EC0003EB52 /* UIImage+TestHelpers.swift */; };
		1AE4CC7826F0CA650003EB52 /* ErrorView.swift in Sources */ = {isa = PBXBuildFile; fileRef = 1AE4CC7726F0CA650003EB52 /* ErrorView.swift */; };
		1AEDDBDC26A4DC5F003CD145 /* FeedPresenterTests.swift in Sources */ = {isa = PBXBuildFile; fileRef = 1AEDDBDB26A4DC5F003CD145 /* FeedPresenterTests.swift */; };
		1AF2C00C2646DA16007147A2 /* FeedViewController.swift in Sources */ = {isa = PBXBuildFile; fileRef = 1AF2C00B2646DA16007147A2 /* FeedViewController.swift */; };
		1AFC9DB62663C561006C45DC /* Feed.storyboard in Resources */ = {isa = PBXBuildFile; fileRef = 1AFC9DB52663C561006C45DC /* Feed.storyboard */; };
		1AFC9DBD2663C5CF006C45DC /* Feed.xcassets in Resources */ = {isa = PBXBuildFile; fileRef = 1AFC9DBC2663C5CF006C45DC /* Feed.xcassets */; };
		1AFC9DC92663DF8E006C45DC /* UITableView+Dequeuein.swift in Sources */ = {isa = PBXBuildFile; fileRef = 1AFC9DC82663DF8E006C45DC /* UITableView+Dequeuein.swift */; };
		1AFC9DD02663E08B006C45DC /* UIImageView+Animations.swift in Sources */ = {isa = PBXBuildFile; fileRef = 1AFC9DCF2663E08B006C45DC /* UIImageView+Animations.swift */; };
		1AFCAC42265AB494001A417C /* FeedImageCellController.swift in Sources */ = {isa = PBXBuildFile; fileRef = 1AFCAC41265AB494001A417C /* FeedImageCellController.swift */; };
		1AFCAC4A265AD49F001A417C /* FeedUIComposer.swift in Sources */ = {isa = PBXBuildFile; fileRef = 1AFCAC49265AD49F001A417C /* FeedUIComposer.swift */; };
		EF8EBFD82736EA8700866A96 /* CacheFeedImageDataUseCaseTests.swift in Sources */ = {isa = PBXBuildFile; fileRef = EF8EBFD72736EA8700866A96 /* CacheFeedImageDataUseCaseTests.swift */; };
		EF8EBFDA2736F55500866A96 /* CoreDataFeedImageDataStoreTests.swift in Sources */ = {isa = PBXBuildFile; fileRef = EF8EBFD92736F55500866A96 /* CoreDataFeedImageDataStoreTests.swift */; };
		EF8EBFDF2736FDD500866A96 /* CoreDataFeedStore+FeedImageDataLoader.swift in Sources */ = {isa = PBXBuildFile; fileRef = EF8EBFDE2736FDD500866A96 /* CoreDataFeedStore+FeedImageDataLoader.swift */; };
		EF8EBFE527370EF000866A96 /* CoreDataFeedStore+FeedStore.swift in Sources */ = {isa = PBXBuildFile; fileRef = EF8EBFE427370EF000866A96 /* CoreDataFeedStore+FeedStore.swift */; };
/* End PBXBuildFile section */

/* Begin PBXContainerItemProxy section */
		1A3DD73B2611234000743A4D /* PBXContainerItemProxy */ = {
			isa = PBXContainerItemProxy;
			containerPortal = 1AE1E00F25CE1B02006EFDFC /* Project object */;
			proxyType = 1;
			remoteGlobalIDString = 1AE1E01725CE1B02006EFDFC;
			remoteInfo = EssentialFeed;
		};
		1A85CAA8261A0C4D00F219D2 /* PBXContainerItemProxy */ = {
			isa = PBXContainerItemProxy;
			containerPortal = 1AE1E00F25CE1B02006EFDFC /* Project object */;
			proxyType = 1;
			remoteGlobalIDString = 1A85CA9D261A0C4C00F219D2;
			remoteInfo = EssentialFeediOS;
		};
		1AC716F325D35019008BD1C2 /* PBXContainerItemProxy */ = {
			isa = PBXContainerItemProxy;
			containerPortal = 1AE1E00F25CE1B02006EFDFC /* Project object */;
			proxyType = 1;
			remoteGlobalIDString = 1AE1E01725CE1B02006EFDFC;
			remoteInfo = EssentialFeed;
		};
		1AD2B85326417FD100AE624C /* PBXContainerItemProxy */ = {
			isa = PBXContainerItemProxy;
			containerPortal = 1AE1E00F25CE1B02006EFDFC /* Project object */;
			proxyType = 1;
			remoteGlobalIDString = 1AE1E01725CE1B02006EFDFC;
			remoteInfo = EssentialFeed;
		};
		1AE1E02325CE1B03006EFDFC /* PBXContainerItemProxy */ = {
			isa = PBXContainerItemProxy;
			containerPortal = 1AE1E00F25CE1B02006EFDFC /* Project object */;
			proxyType = 1;
			remoteGlobalIDString = 1AE1E01725CE1B02006EFDFC;
			remoteInfo = EssentialFeed;
		};
/* End PBXContainerItemProxy section */

/* Begin PBXCopyFilesBuildPhase section */
		1AD2B85526417FD100AE624C /* Embed Frameworks */ = {
			isa = PBXCopyFilesBuildPhase;
			buildActionMask = 2147483647;
			dstPath = "";
			dstSubfolderSpec = 10;
			files = (
				1AD2B85226417FD100AE624C /* EssentialFeed.framework in Embed Frameworks */,
			);
			name = "Embed Frameworks";
			runOnlyForDeploymentPostprocessing = 0;
		};
/* End PBXCopyFilesBuildPhase section */

/* Begin PBXFileReference section */
		1A10584925E897860006E732 /* FeedStoreSpecs.swift */ = {isa = PBXFileReference; lastKnownFileType = sourcecode.swift; path = FeedStoreSpecs.swift; sourceTree = "<group>"; };
		1A10584E25E898070006E732 /* XCTestCase+FeedStoreSpecs.swift */ = {isa = PBXFileReference; lastKnownFileType = sourcecode.swift; path = "XCTestCase+FeedStoreSpecs.swift"; sourceTree = "<group>"; };
		1A10585325E89D4D0006E732 /* XCTestCase+FailableRetrieveFeedStoreSpecs.swift */ = {isa = PBXFileReference; lastKnownFileType = sourcecode.swift; path = "XCTestCase+FailableRetrieveFeedStoreSpecs.swift"; sourceTree = "<group>"; };
		1A10585925E89DC80006E732 /* XCTestCase+FailableInsertFeedStoreSpecs.swift */ = {isa = PBXFileReference; lastKnownFileType = sourcecode.swift; path = "XCTestCase+FailableInsertFeedStoreSpecs.swift"; sourceTree = "<group>"; };
		1A10586C25E8A0050006E732 /* XCTestCase+FailableDeleteFeedStoreSpecs.swift */ = {isa = PBXFileReference; lastKnownFileType = sourcecode.swift; path = "XCTestCase+FailableDeleteFeedStoreSpecs.swift"; sourceTree = "<group>"; };
		1A242F93266AF26A00ABC1B1 /* FeedViewControllerTests+Localization.swift */ = {isa = PBXFileReference; lastKnownFileType = sourcecode.swift; path = "FeedViewControllerTests+Localization.swift"; sourceTree = "<group>"; };
		1A242FB9266AF49300ABC1B1 /* FeedLocalizationTests.swift */ = {isa = PBXFileReference; lastKnownFileType = sourcecode.swift; path = FeedLocalizationTests.swift; sourceTree = "<group>"; };
		1A242FC5266BD4A500ABC1B1 /* MainQueueDispatchDecorator.swift */ = {isa = PBXFileReference; lastKnownFileType = sourcecode.swift; path = MainQueueDispatchDecorator.swift; sourceTree = "<group>"; };
		1A242FCC266BD50B00ABC1B1 /* FeedImageDataLoaderPresentationAdapter.swift */ = {isa = PBXFileReference; lastKnownFileType = sourcecode.swift; path = FeedImageDataLoaderPresentationAdapter.swift; sourceTree = "<group>"; };
		1A242FD3266BD52C00ABC1B1 /* FeedLoaderPresentationAdapter.swift */ = {isa = PBXFileReference; lastKnownFileType = sourcecode.swift; path = FeedLoaderPresentationAdapter.swift; sourceTree = "<group>"; };
		1A242FDA266BD54B00ABC1B1 /* FeedViewAdapter.swift */ = {isa = PBXFileReference; lastKnownFileType = sourcecode.swift; path = FeedViewAdapter.swift; sourceTree = "<group>"; };
		1A242FE1266BD56700ABC1B1 /* WeakRefVirtualProxy.swift */ = {isa = PBXFileReference; lastKnownFileType = sourcecode.swift; path = WeakRefVirtualProxy.swift; sourceTree = "<group>"; };
		1A3DD7352611234000743A4D /* EssentialFeedCacheIntegrationTests.xctest */ = {isa = PBXFileReference; explicitFileType = wrapper.cfbundle; includeInIndex = 0; path = EssentialFeedCacheIntegrationTests.xctest; sourceTree = BUILT_PRODUCTS_DIR; };
		1A3DD7372611234000743A4D /* EssentialFeedCacheIntegrationTests.swift */ = {isa = PBXFileReference; lastKnownFileType = sourcecode.swift; path = EssentialFeedCacheIntegrationTests.swift; sourceTree = "<group>"; };
		1A3DD7392611234000743A4D /* Info.plist */ = {isa = PBXFileReference; lastKnownFileType = text.plist.xml; path = Info.plist; sourceTree = "<group>"; };
		1A51D3622601882F00DC384F /* CoreDataHelpers.swift */ = {isa = PBXFileReference; lastKnownFileType = sourcecode.swift; path = CoreDataHelpers.swift; sourceTree = "<group>"; };
		1A51D367260188A700DC384F /* ManagedCache.swift */ = {isa = PBXFileReference; lastKnownFileType = sourcecode.swift; path = ManagedCache.swift; sourceTree = "<group>"; };
		1A51D36C260188D300DC384F /* ManagedFeedImage.swift */ = {isa = PBXFileReference; lastKnownFileType = sourcecode.swift; path = ManagedFeedImage.swift; sourceTree = "<group>"; };
		1A77244B25E1DFFE00691D74 /* LoadFeedFromCacheUseCaseTests.swift */ = {isa = PBXFileReference; lastKnownFileType = sourcecode.swift; path = LoadFeedFromCacheUseCaseTests.swift; sourceTree = "<group>"; };
		1A77245125E1E11100691D74 /* FeedStoreSpy.swift */ = {isa = PBXFileReference; lastKnownFileType = sourcecode.swift; path = FeedStoreSpy.swift; sourceTree = "<group>"; };
		1A77245D25E33F0F00691D74 /* ValidateFeedCacheUseCaseTests.swift */ = {isa = PBXFileReference; lastKnownFileType = sourcecode.swift; path = ValidateFeedCacheUseCaseTests.swift; sourceTree = "<group>"; };
		1A77246225E3430D00691D74 /* FeedCacheTestHelpers.swift */ = {isa = PBXFileReference; lastKnownFileType = sourcecode.swift; path = FeedCacheTestHelpers.swift; sourceTree = "<group>"; };
		1A77246725E3439100691D74 /* SharedTestHelpers.swift */ = {isa = PBXFileReference; lastKnownFileType = sourcecode.swift; path = SharedTestHelpers.swift; sourceTree = "<group>"; };
		1A77246C25E3E67900691D74 /* FeedCachePolicy.swift */ = {isa = PBXFileReference; lastKnownFileType = sourcecode.swift; path = FeedCachePolicy.swift; sourceTree = "<group>"; };
		1A85CA9E261A0C4C00F219D2 /* EssentialFeediOS.framework */ = {isa = PBXFileReference; explicitFileType = wrapper.framework; includeInIndex = 0; path = EssentialFeediOS.framework; sourceTree = BUILT_PRODUCTS_DIR; };
		1A85CAA1261A0C4C00F219D2 /* Info.plist */ = {isa = PBXFileReference; lastKnownFileType = text.plist.xml; path = Info.plist; sourceTree = "<group>"; };
		1A85CAA6261A0C4D00F219D2 /* EssentialFeediOSTests.xctest */ = {isa = PBXFileReference; explicitFileType = wrapper.cfbundle; includeInIndex = 0; path = EssentialFeediOSTests.xctest; sourceTree = BUILT_PRODUCTS_DIR; };
		1A85CAAD261A0C4D00F219D2 /* Info.plist */ = {isa = PBXFileReference; lastKnownFileType = text.plist.xml; path = Info.plist; sourceTree = "<group>"; };
		1A8E8B3D2659736300632F98 /* UIView+Shimmering.swift */ = {isa = PBXFileReference; lastKnownFileType = sourcecode.swift; path = "UIView+Shimmering.swift"; sourceTree = "<group>"; };
		1AB6544427121D6D00F10A91 /* HTTPClientSpy.swift */ = {isa = PBXFileReference; lastKnownFileType = sourcecode.swift; path = HTTPClientSpy.swift; sourceTree = "<group>"; };
		1AB6544627121F4A00F10A91 /* RemoteFeedImageDataLoader.swift */ = {isa = PBXFileReference; lastKnownFileType = sourcecode.swift; path = RemoteFeedImageDataLoader.swift; sourceTree = "<group>"; };
		1AB654492712288000F10A91 /* HTTPURLResponse+StatusCode.swift */ = {isa = PBXFileReference; lastKnownFileType = sourcecode.swift; path = "HTTPURLResponse+StatusCode.swift"; sourceTree = "<group>"; };
		1AB6544B271228E000F10A91 /* URLProtocolStub.swift */ = {isa = PBXFileReference; lastKnownFileType = sourcecode.swift; path = URLProtocolStub.swift; sourceTree = "<group>"; };
		1AC716D425D205DB008BD1C2 /* URLSessionHTTPClientTests.swift */ = {isa = PBXFileReference; lastKnownFileType = sourcecode.swift; path = URLSessionHTTPClientTests.swift; sourceTree = "<group>"; };
		1AC716DB25D21DC0008BD1C2 /* XCTestCase+MemoryLeakTracking.swift */ = {isa = PBXFileReference; lastKnownFileType = sourcecode.swift; path = "XCTestCase+MemoryLeakTracking.swift"; sourceTree = "<group>"; };
		1AC716E525D34C97008BD1C2 /* URLSessionHTTPClient.swift */ = {isa = PBXFileReference; lastKnownFileType = sourcecode.swift; path = URLSessionHTTPClient.swift; sourceTree = "<group>"; };
		1AC716ED25D35019008BD1C2 /* EssentialFeedAPIEndToEndTests.xctest */ = {isa = PBXFileReference; explicitFileType = wrapper.cfbundle; includeInIndex = 0; path = EssentialFeedAPIEndToEndTests.xctest; sourceTree = BUILT_PRODUCTS_DIR; };
		1AC716EF25D35019008BD1C2 /* EssentialFeedAPIEndToEndTests.swift */ = {isa = PBXFileReference; lastKnownFileType = sourcecode.swift; path = EssentialFeedAPIEndToEndTests.swift; sourceTree = "<group>"; };
		1AC716F125D35019008BD1C2 /* Info.plist */ = {isa = PBXFileReference; lastKnownFileType = text.plist.xml; path = Info.plist; sourceTree = "<group>"; };
		1AC71A1A25D9631E008BD1C2 /* CacheFeedUseCaseTests.swift */ = {isa = PBXFileReference; lastKnownFileType = sourcecode.swift; path = CacheFeedUseCaseTests.swift; sourceTree = "<group>"; };
		1AC71EF225DC878D008BD1C2 /* LocalFeedLoader.swift */ = {isa = PBXFileReference; lastKnownFileType = sourcecode.swift; path = LocalFeedLoader.swift; sourceTree = "<group>"; };
		1AC71EF725DC8809008BD1C2 /* FeedStore.swift */ = {isa = PBXFileReference; lastKnownFileType = sourcecode.swift; path = FeedStore.swift; sourceTree = "<group>"; };
		1AC71EFC25DC92B7008BD1C2 /* RemoteFeedItem.swift */ = {isa = PBXFileReference; lastKnownFileType = sourcecode.swift; path = RemoteFeedItem.swift; sourceTree = "<group>"; };
		1AC71F0125DC92FF008BD1C2 /* LocalFeedImage.swift */ = {isa = PBXFileReference; lastKnownFileType = sourcecode.swift; path = LocalFeedImage.swift; sourceTree = "<group>"; };
		1ACD7E6126FB426000C0AABB /* LoadFeedImageDataFromRemoteUseCaseTests.swift */ = {isa = PBXFileReference; lastKnownFileType = sourcecode.swift; path = LoadFeedImageDataFromRemoteUseCaseTests.swift; sourceTree = "<group>"; };
		1ACD9B412713571600BB6115 /* LoadFeedImageDataFromCacheUseCaseTests.swift */ = {isa = PBXFileReference; lastKnownFileType = sourcecode.swift; path = LoadFeedImageDataFromCacheUseCaseTests.swift; sourceTree = "<group>"; };
		1ACD9B4327135EF000BB6115 /* FeedImageDataStore.swift */ = {isa = PBXFileReference; lastKnownFileType = sourcecode.swift; path = FeedImageDataStore.swift; sourceTree = "<group>"; };
		1ACD9B4527135F1B00BB6115 /* LocalFeedImageDataLoader.swift */ = {isa = PBXFileReference; lastKnownFileType = sourcecode.swift; path = LocalFeedImageDataLoader.swift; sourceTree = "<group>"; };
		1ACD9B47271366D800BB6115 /* FeedImageDataStoreSpy.swift */ = {isa = PBXFileReference; lastKnownFileType = sourcecode.swift; path = FeedImageDataStoreSpy.swift; sourceTree = "<group>"; };
		1AD11AED26F217E1004773BD /* UIRefreshControl+Helpers.swift */ = {isa = PBXFileReference; lastKnownFileType = sourcecode.swift; path = "UIRefreshControl+Helpers.swift"; sourceTree = "<group>"; };
		1AD11AF226F4C461004773BD /* en */ = {isa = PBXFileReference; lastKnownFileType = text.plist.strings; name = en; path = en.lproj/Feed.strings; sourceTree = "<group>"; };
		1AD11AF426F4C462004773BD /* el */ = {isa = PBXFileReference; lastKnownFileType = text.plist.strings; name = el; path = el.lproj/Feed.strings; sourceTree = "<group>"; };
		1AD11AF526F4C463004773BD /* pt-BR */ = {isa = PBXFileReference; lastKnownFileType = text.plist.strings; name = "pt-BR"; path = "pt-BR.lproj/Feed.strings"; sourceTree = "<group>"; };
		1AD11AF726F6691E004773BD /* FeedPresenter.swift */ = {isa = PBXFileReference; lastKnownFileType = sourcecode.swift; path = FeedPresenter.swift; sourceTree = "<group>"; };
		1AD11B0226F66F04004773BD /* FeedViewModel.swift */ = {isa = PBXFileReference; lastKnownFileType = sourcecode.swift; path = FeedViewModel.swift; sourceTree = "<group>"; };
		1AD11B0426F66F41004773BD /* FeedLoadingViewModel.swift */ = {isa = PBXFileReference; lastKnownFileType = sourcecode.swift; path = FeedLoadingViewModel.swift; sourceTree = "<group>"; };
		1AD11B0626F66F78004773BD /* FeedErrorViewModel.swift */ = {isa = PBXFileReference; lastKnownFileType = sourcecode.swift; path = FeedErrorViewModel.swift; sourceTree = "<group>"; };
		1AD11B0926F6AA92004773BD /* FeedImagePresenterTests.swift */ = {isa = PBXFileReference; lastKnownFileType = sourcecode.swift; path = FeedImagePresenterTests.swift; sourceTree = "<group>"; };
		1AD11B0B26F6B229004773BD /* FeedImagePresenter.swift */ = {isa = PBXFileReference; lastKnownFileType = sourcecode.swift; path = FeedImagePresenter.swift; sourceTree = "<group>"; };
		1AD11B0D26F6B2C4004773BD /* FeedImageViewModel.swift */ = {isa = PBXFileReference; lastKnownFileType = sourcecode.swift; path = FeedImageViewModel.swift; sourceTree = "<group>"; };
		1AD2B84826417B4900AE624C /* FeedUIIntegrationTests.swift */ = {isa = PBXFileReference; lastKnownFileType = sourcecode.swift; path = FeedUIIntegrationTests.swift; sourceTree = "<group>"; };
		1ADA36592648ABFB00F25363 /* FeedImageCell.swift */ = {isa = PBXFileReference; lastKnownFileType = sourcecode.swift; path = FeedImageCell.swift; sourceTree = "<group>"; };
		1ADDD61A26002C3700024FE4 /* CoreDataFeedStoreTests.swift */ = {isa = PBXFileReference; lastKnownFileType = sourcecode.swift; path = CoreDataFeedStoreTests.swift; sourceTree = "<group>"; };
		1ADDD62026002CC800024FE4 /* CoreDataFeedStore.swift */ = {isa = PBXFileReference; lastKnownFileType = sourcecode.swift; path = CoreDataFeedStore.swift; sourceTree = "<group>"; };
		1ADDD62926002F3A00024FE4 /* FeedStore.xcdatamodel */ = {isa = PBXFileReference; lastKnownFileType = wrapper.xcdatamodel; path = FeedStore.xcdatamodel; sourceTree = "<group>"; };
		1AE1E01825CE1B02006EFDFC /* EssentialFeed.framework */ = {isa = PBXFileReference; explicitFileType = wrapper.framework; includeInIndex = 0; path = EssentialFeed.framework; sourceTree = BUILT_PRODUCTS_DIR; };
		1AE1E01C25CE1B02006EFDFC /* Info.plist */ = {isa = PBXFileReference; lastKnownFileType = text.plist.xml; path = Info.plist; sourceTree = "<group>"; };
		1AE1E02125CE1B03006EFDFC /* EssentialFeedTests.xctest */ = {isa = PBXFileReference; explicitFileType = wrapper.cfbundle; includeInIndex = 0; path = EssentialFeedTests.xctest; sourceTree = BUILT_PRODUCTS_DIR; };
		1AE1E02825CE1B03006EFDFC /* Info.plist */ = {isa = PBXFileReference; lastKnownFileType = text.plist.xml; path = Info.plist; sourceTree = "<group>"; };
		1AE1E03425CE1B12006EFDFC /* FeedImage.swift */ = {isa = PBXFileReference; lastKnownFileType = sourcecode.swift; path = FeedImage.swift; sourceTree = "<group>"; };
		1AE1E03825CE1B6B006EFDFC /* FeedLoader.swift */ = {isa = PBXFileReference; lastKnownFileType = sourcecode.swift; path = FeedLoader.swift; sourceTree = "<group>"; };
		1AE1E03F25CE227A006EFDFC /* LoadFeedFromRemoteUseCaseTests.swift */ = {isa = PBXFileReference; lastKnownFileType = sourcecode.swift; path = LoadFeedFromRemoteUseCaseTests.swift; sourceTree = "<group>"; };
		1AE1E05725CF15AA006EFDFC /* RemoteFeedLoader.swift */ = {isa = PBXFileReference; lastKnownFileType = sourcecode.swift; path = RemoteFeedLoader.swift; sourceTree = "<group>"; };
		1AE1E05D25D0BE03006EFDFC /* HTTPClient.swift */ = {isa = PBXFileReference; lastKnownFileType = sourcecode.swift; path = HTTPClient.swift; sourceTree = "<group>"; };
		1AE1E06125D0BE4A006EFDFC /* FeedItemsMapper.swift */ = {isa = PBXFileReference; lastKnownFileType = sourcecode.swift; path = FeedItemsMapper.swift; sourceTree = "<group>"; };
		1AE4CC6D26EF704A0003EB52 /* FeedViewController+TestHelpers.swift */ = {isa = PBXFileReference; lastKnownFileType = sourcecode.swift; path = "FeedViewController+TestHelpers.swift"; sourceTree = "<group>"; };
		1AE4CC6F26EF72580003EB52 /* FeedImageCell+TestHelpers.swift */ = {isa = PBXFileReference; lastKnownFileType = sourcecode.swift; path = "FeedImageCell+TestHelpers.swift"; sourceTree = "<group>"; };
		1AE4CC7126EF72AA0003EB52 /* UIButton+TestHelpers.swift */ = {isa = PBXFileReference; lastKnownFileType = sourcecode.swift; path = "UIButton+TestHelpers.swift"; sourceTree = "<group>"; };
		1AE4CC7326EF72D10003EB52 /* UIRefreshControl+TestHelpers.swift */ = {isa = PBXFileReference; lastKnownFileType = sourcecode.swift; path = "UIRefreshControl+TestHelpers.swift"; sourceTree = "<group>"; };
		1AE4CC7526EF72EC0003EB52 /* UIImage+TestHelpers.swift */ = {isa = PBXFileReference; lastKnownFileType = sourcecode.swift; path = "UIImage+TestHelpers.swift"; sourceTree = "<group>"; };
		1AE4CC7726F0CA650003EB52 /* ErrorView.swift */ = {isa = PBXFileReference; lastKnownFileType = sourcecode.swift; path = ErrorView.swift; sourceTree = "<group>"; };
		1AEDDBDB26A4DC5F003CD145 /* FeedPresenterTests.swift */ = {isa = PBXFileReference; lastKnownFileType = sourcecode.swift; path = FeedPresenterTests.swift; sourceTree = "<group>"; };
		1AF2C00B2646DA16007147A2 /* FeedViewController.swift */ = {isa = PBXFileReference; lastKnownFileType = sourcecode.swift; path = FeedViewController.swift; sourceTree = "<group>"; };
		1AFC9DB52663C561006C45DC /* Feed.storyboard */ = {isa = PBXFileReference; lastKnownFileType = file.storyboard; path = Feed.storyboard; sourceTree = "<group>"; };
		1AFC9DBC2663C5CF006C45DC /* Feed.xcassets */ = {isa = PBXFileReference; lastKnownFileType = folder.assetcatalog; path = Feed.xcassets; sourceTree = "<group>"; };
		1AFC9DC82663DF8E006C45DC /* UITableView+Dequeuein.swift */ = {isa = PBXFileReference; lastKnownFileType = sourcecode.swift; path = "UITableView+Dequeuein.swift"; sourceTree = "<group>"; };
		1AFC9DCF2663E08B006C45DC /* UIImageView+Animations.swift */ = {isa = PBXFileReference; lastKnownFileType = sourcecode.swift; path = "UIImageView+Animations.swift"; sourceTree = "<group>"; };
		1AFCAC22265AAD7C001A417C /* FeedImageDataLoader.swift */ = {isa = PBXFileReference; lastKnownFileType = sourcecode.swift; path = FeedImageDataLoader.swift; sourceTree = "<group>"; };
		1AFCAC41265AB494001A417C /* FeedImageCellController.swift */ = {isa = PBXFileReference; lastKnownFileType = sourcecode.swift; path = FeedImageCellController.swift; sourceTree = "<group>"; };
		1AFCAC49265AD49F001A417C /* FeedUIComposer.swift */ = {isa = PBXFileReference; lastKnownFileType = sourcecode.swift; path = FeedUIComposer.swift; sourceTree = "<group>"; };
		EF8EBFD72736EA8700866A96 /* CacheFeedImageDataUseCaseTests.swift */ = {isa = PBXFileReference; lastKnownFileType = sourcecode.swift; path = CacheFeedImageDataUseCaseTests.swift; sourceTree = "<group>"; };
		EF8EBFD92736F55500866A96 /* CoreDataFeedImageDataStoreTests.swift */ = {isa = PBXFileReference; lastKnownFileType = sourcecode.swift; path = CoreDataFeedImageDataStoreTests.swift; sourceTree = "<group>"; };
		EF8EBFDE2736FDD500866A96 /* CoreDataFeedStore+FeedImageDataLoader.swift */ = {isa = PBXFileReference; lastKnownFileType = sourcecode.swift; path = "CoreDataFeedStore+FeedImageDataLoader.swift"; sourceTree = "<group>"; };
		EF8EBFE32737089F00866A96 /* FeedStore2.xcdatamodel */ = {isa = PBXFileReference; lastKnownFileType = wrapper.xcdatamodel; path = FeedStore2.xcdatamodel; sourceTree = "<group>"; };
		EF8EBFE427370EF000866A96 /* CoreDataFeedStore+FeedStore.swift */ = {isa = PBXFileReference; lastKnownFileType = sourcecode.swift; path = "CoreDataFeedStore+FeedStore.swift"; sourceTree = "<group>"; };
/* End PBXFileReference section */

/* Begin PBXFrameworksBuildPhase section */
		1A3DD7322611234000743A4D /* Frameworks */ = {
			isa = PBXFrameworksBuildPhase;
			buildActionMask = 2147483647;
			files = (
				1A3DD73A2611234000743A4D /* EssentialFeed.framework in Frameworks */,
			);
			runOnlyForDeploymentPostprocessing = 0;
		};
		1A85CA9B261A0C4C00F219D2 /* Frameworks */ = {
			isa = PBXFrameworksBuildPhase;
			buildActionMask = 2147483647;
			files = (
				1AD2B85126417FD100AE624C /* EssentialFeed.framework in Frameworks */,
			);
			runOnlyForDeploymentPostprocessing = 0;
		};
		1A85CAA3261A0C4D00F219D2 /* Frameworks */ = {
			isa = PBXFrameworksBuildPhase;
			buildActionMask = 2147483647;
			files = (
				1A85CAA7261A0C4D00F219D2 /* EssentialFeediOS.framework in Frameworks */,
			);
			runOnlyForDeploymentPostprocessing = 0;
		};
		1AC716EA25D35019008BD1C2 /* Frameworks */ = {
			isa = PBXFrameworksBuildPhase;
			buildActionMask = 2147483647;
			files = (
				1AC716F225D35019008BD1C2 /* EssentialFeed.framework in Frameworks */,
			);
			runOnlyForDeploymentPostprocessing = 0;
		};
		1AE1E01525CE1B02006EFDFC /* Frameworks */ = {
			isa = PBXFrameworksBuildPhase;
			buildActionMask = 2147483647;
			files = (
			);
			runOnlyForDeploymentPostprocessing = 0;
		};
		1AE1E01E25CE1B03006EFDFC /* Frameworks */ = {
			isa = PBXFrameworksBuildPhase;
			buildActionMask = 2147483647;
			files = (
				1AE1E02225CE1B03006EFDFC /* EssentialFeed.framework in Frameworks */,
			);
			runOnlyForDeploymentPostprocessing = 0;
		};
/* End PBXFrameworksBuildPhase section */

/* Begin PBXGroup section */
		1A10587125E8A08A0006E732 /* FeedStoreSpecs */ = {
			isa = PBXGroup;
			children = (
				1A10584925E897860006E732 /* FeedStoreSpecs.swift */,
				1A10585925E89DC80006E732 /* XCTestCase+FailableInsertFeedStoreSpecs.swift */,
				1A10585325E89D4D0006E732 /* XCTestCase+FailableRetrieveFeedStoreSpecs.swift */,
				1A10584E25E898070006E732 /* XCTestCase+FeedStoreSpecs.swift */,
				1A10586C25E8A0050006E732 /* XCTestCase+FailableDeleteFeedStoreSpecs.swift */,
			);
			path = FeedStoreSpecs;
			sourceTree = "<group>";
		};
		1A3DD7362611234000743A4D /* EssentialFeedCacheIntegrationTests */ = {
			isa = PBXGroup;
			children = (
				1A3DD7372611234000743A4D /* EssentialFeedCacheIntegrationTests.swift */,
				1A3DD7392611234000743A4D /* Info.plist */,
			);
			path = EssentialFeedCacheIntegrationTests;
			sourceTree = "<group>";
		};
		1A51D3592601877F00DC384F /* Infrastructure */ = {
			isa = PBXGroup;
			children = (
				1A51D35A2601879600DC384F /* CoreData */,
			);
			path = Infrastructure;
			sourceTree = "<group>";
		};
		1A51D35A2601879600DC384F /* CoreData */ = {
			isa = PBXGroup;
			children = (
				1ADDD62026002CC800024FE4 /* CoreDataFeedStore.swift */,
				1ADDD62826002F3A00024FE4 /* FeedStore.xcdatamodeld */,
				1A51D3622601882F00DC384F /* CoreDataHelpers.swift */,
				1A51D367260188A700DC384F /* ManagedCache.swift */,
				1A51D36C260188D300DC384F /* ManagedFeedImage.swift */,
				EF8EBFDE2736FDD500866A96 /* CoreDataFeedStore+FeedImageDataLoader.swift */,
				EF8EBFE427370EF000866A96 /* CoreDataFeedStore+FeedStore.swift */,
			);
			path = CoreData;
			sourceTree = "<group>";
		};
		1A77245025E1E0FC00691D74 /* Helpers */ = {
			isa = PBXGroup;
			children = (
				1A77245125E1E11100691D74 /* FeedStoreSpy.swift */,
				1A77246225E3430D00691D74 /* FeedCacheTestHelpers.swift */,
			);
			path = Helpers;
			sourceTree = "<group>";
		};
		1A85CA9F261A0C4C00F219D2 /* EssentialFeediOS */ = {
			isa = PBXGroup;
			children = (
				1A85CAA1261A0C4C00F219D2 /* Info.plist */,
				1AFCAC2E265AADA7001A417C /* Feed UI */,
			);
			path = EssentialFeediOS;
			sourceTree = "<group>";
		};
		1A85CAAA261A0C4D00F219D2 /* EssentialFeediOSTests */ = {
			isa = PBXGroup;
			children = (
				1AFCAC32265AADEF001A417C /* Feed UI */,
				1A85CAAD261A0C4D00F219D2 /* Info.plist */,
			);
			path = EssentialFeediOSTests;
			sourceTree = "<group>";
		};
		1AB654482712286800F10A91 /* Helpers */ = {
			isa = PBXGroup;
			children = (
				1AB654492712288000F10A91 /* HTTPURLResponse+StatusCode.swift */,
			);
			path = Helpers;
			sourceTree = "<group>";
		};
		1AC716DA25D21D91008BD1C2 /* Helpers */ = {
			isa = PBXGroup;
			children = (
				1AC716DB25D21DC0008BD1C2 /* XCTestCase+MemoryLeakTracking.swift */,
				1A77246725E3439100691D74 /* SharedTestHelpers.swift */,
				1AB6544427121D6D00F10A91 /* HTTPClientSpy.swift */,
				1AB6544B271228E000F10A91 /* URLProtocolStub.swift */,
				1ACD9B47271366D800BB6115 /* FeedImageDataStoreSpy.swift */,
			);
			path = Helpers;
			sourceTree = "<group>";
		};
		1AC716EE25D35019008BD1C2 /* EssentialFeedAPIEndToEndTests */ = {
			isa = PBXGroup;
			children = (
				1AC716EF25D35019008BD1C2 /* EssentialFeedAPIEndToEndTests.swift */,
				1AC716F125D35019008BD1C2 /* Info.plist */,
			);
			path = EssentialFeedAPIEndToEndTests;
			sourceTree = "<group>";
		};
		1AC71A1925D962FB008BD1C2 /* Feed Cache */ = {
			isa = PBXGroup;
			children = (
				1A10587125E8A08A0006E732 /* FeedStoreSpecs */,
				1A77245025E1E0FC00691D74 /* Helpers */,
				1AC71A1A25D9631E008BD1C2 /* CacheFeedUseCaseTests.swift */,
				1A77244B25E1DFFE00691D74 /* LoadFeedFromCacheUseCaseTests.swift */,
				1A77245D25E33F0F00691D74 /* ValidateFeedCacheUseCaseTests.swift */,
				1ADDD61A26002C3700024FE4 /* CoreDataFeedStoreTests.swift */,
				1ACD9B412713571600BB6115 /* LoadFeedImageDataFromCacheUseCaseTests.swift */,
				EF8EBFD72736EA8700866A96 /* CacheFeedImageDataUseCaseTests.swift */,
				EF8EBFD92736F55500866A96 /* CoreDataFeedImageDataStoreTests.swift */,
			);
			path = "Feed Cache";
			sourceTree = "<group>";
		};
		1AC71EF125DC8770008BD1C2 /* Feed Cache */ = {
			isa = PBXGroup;
			children = (
				1A51D3592601877F00DC384F /* Infrastructure */,
				1AC71EF225DC878D008BD1C2 /* LocalFeedLoader.swift */,
				1AC71EF725DC8809008BD1C2 /* FeedStore.swift */,
				1AC71F0125DC92FF008BD1C2 /* LocalFeedImage.swift */,
				1A77246C25E3E67900691D74 /* FeedCachePolicy.swift */,
				1ACD9B4327135EF000BB6115 /* FeedImageDataStore.swift */,
				1ACD9B4527135F1B00BB6115 /* LocalFeedImageDataLoader.swift */,
			);
			path = "Feed Cache";
			sourceTree = "<group>";
		};
		1AD11AE826F216B2004773BD /* Helpers */ = {
			isa = PBXGroup;
			children = (
				1AFC9DCF2663E08B006C45DC /* UIImageView+Animations.swift */,
				1AFC9DC82663DF8E006C45DC /* UITableView+Dequeuein.swift */,
				1A8E8B3D2659736300632F98 /* UIView+Shimmering.swift */,
				1AD11AED26F217E1004773BD /* UIRefreshControl+Helpers.swift */,
			);
			path = Helpers;
			sourceTree = "<group>";
		};
		1AD11AF626F668FA004773BD /* Feed Presentation */ = {
			isa = PBXGroup;
			children = (
				1AD11B0226F66F04004773BD /* FeedViewModel.swift */,
				1AD11B0426F66F41004773BD /* FeedLoadingViewModel.swift */,
				1AD11B0626F66F78004773BD /* FeedErrorViewModel.swift */,
				1AD11AF726F6691E004773BD /* FeedPresenter.swift */,
				1AD11B0D26F6B2C4004773BD /* FeedImageViewModel.swift */,
				1AD11B0B26F6B229004773BD /* FeedImagePresenter.swift */,
				1AD11AF326F4C461004773BD /* Feed.strings */,
			);
			path = "Feed Presentation";
			sourceTree = "<group>";
		};
		1AD2B85026417FD100AE624C /* Frameworks */ = {
			isa = PBXGroup;
			children = (
			);
			name = Frameworks;
			sourceTree = "<group>";
		};
		1AE1E00E25CE1B02006EFDFC = {
			isa = PBXGroup;
			children = (
				1AE1E01A25CE1B02006EFDFC /* EssentialFeed */,
				1AE1E02525CE1B03006EFDFC /* EssentialFeedTests */,
				1AC716EE25D35019008BD1C2 /* EssentialFeedAPIEndToEndTests */,
				1A3DD7362611234000743A4D /* EssentialFeedCacheIntegrationTests */,
				1A85CA9F261A0C4C00F219D2 /* EssentialFeediOS */,
				1A85CAAA261A0C4D00F219D2 /* EssentialFeediOSTests */,
				1AE1E01925CE1B02006EFDFC /* Products */,
				1AD2B85026417FD100AE624C /* Frameworks */,
			);
			sourceTree = "<group>";
		};
		1AE1E01925CE1B02006EFDFC /* Products */ = {
			isa = PBXGroup;
			children = (
				1AE1E01825CE1B02006EFDFC /* EssentialFeed.framework */,
				1AE1E02125CE1B03006EFDFC /* EssentialFeedTests.xctest */,
				1AC716ED25D35019008BD1C2 /* EssentialFeedAPIEndToEndTests.xctest */,
				1A3DD7352611234000743A4D /* EssentialFeedCacheIntegrationTests.xctest */,
				1A85CA9E261A0C4C00F219D2 /* EssentialFeediOS.framework */,
				1A85CAA6261A0C4D00F219D2 /* EssentialFeediOSTests.xctest */,
			);
			name = Products;
			sourceTree = "<group>";
		};
		1AE1E01A25CE1B02006EFDFC /* EssentialFeed */ = {
			isa = PBXGroup;
			children = (
				1AE1E01C25CE1B02006EFDFC /* Info.plist */,
				1AC71EF125DC8770008BD1C2 /* Feed Cache */,
				1AE1E03C25CE1C1C006EFDFC /* Feed Feature */,
				1AE1E05625CF1594006EFDFC /* Feed API */,
				1AD11AF626F668FA004773BD /* Feed Presentation */,
			);
			path = EssentialFeed;
			sourceTree = "<group>";
		};
		1AE1E02525CE1B03006EFDFC /* EssentialFeedTests */ = {
			isa = PBXGroup;
			children = (
				1AE1E02825CE1B03006EFDFC /* Info.plist */,
				1AC716DA25D21D91008BD1C2 /* Helpers */,
				1AC71A1925D962FB008BD1C2 /* Feed Cache */,
				1AE1E06725D0C580006EFDFC /* Feed API */,
				1AEDDBDA26A4DC0E003CD145 /* Feed Presentation */,
			);
			path = EssentialFeedTests;
			sourceTree = "<group>";
		};
		1AE1E03C25CE1C1C006EFDFC /* Feed Feature */ = {
			isa = PBXGroup;
			children = (
				1AE1E03425CE1B12006EFDFC /* FeedImage.swift */,
				1AE1E03825CE1B6B006EFDFC /* FeedLoader.swift */,
				1AFCAC22265AAD7C001A417C /* FeedImageDataLoader.swift */,
			);
			path = "Feed Feature";
			sourceTree = "<group>";
		};
		1AE1E05625CF1594006EFDFC /* Feed API */ = {
			isa = PBXGroup;
			children = (
				1AB654482712286800F10A91 /* Helpers */,
				1AE1E05725CF15AA006EFDFC /* RemoteFeedLoader.swift */,
				1AE1E06125D0BE4A006EFDFC /* FeedItemsMapper.swift */,
				1AE1E05D25D0BE03006EFDFC /* HTTPClient.swift */,
				1AC716E525D34C97008BD1C2 /* URLSessionHTTPClient.swift */,
				1AC71EFC25DC92B7008BD1C2 /* RemoteFeedItem.swift */,
				1AB6544627121F4A00F10A91 /* RemoteFeedImageDataLoader.swift */,
			);
			path = "Feed API";
			sourceTree = "<group>";
		};
		1AE1E06725D0C580006EFDFC /* Feed API */ = {
			isa = PBXGroup;
			children = (
				1AC716D425D205DB008BD1C2 /* URLSessionHTTPClientTests.swift */,
				1AE1E03F25CE227A006EFDFC /* LoadFeedFromRemoteUseCaseTests.swift */,
				1ACD7E6126FB426000C0AABB /* LoadFeedImageDataFromRemoteUseCaseTests.swift */,
			);
			path = "Feed API";
			sourceTree = "<group>";
		};
		1AEDDBDA26A4DC0E003CD145 /* Feed Presentation */ = {
			isa = PBXGroup;
			children = (
				1A242FB9266AF49300ABC1B1 /* FeedLocalizationTests.swift */,
				1AEDDBDB26A4DC5F003CD145 /* FeedPresenterTests.swift */,
				1AD11B0926F6AA92004773BD /* FeedImagePresenterTests.swift */,
			);
			path = "Feed Presentation";
			sourceTree = "<group>";
		};
		1AFCAC2E265AADA7001A417C /* Feed UI */ = {
			isa = PBXGroup;
			children = (
				1AFCAC48265AD478001A417C /* Composers */,
				1AFCAC2F265AADB8001A417C /* Controllers */,
				1AFCAC30265AADC2001A417C /* Views */,
			);
			path = "Feed UI";
			sourceTree = "<group>";
		};
		1AFCAC2F265AADB8001A417C /* Controllers */ = {
			isa = PBXGroup;
			children = (
				1AF2C00B2646DA16007147A2 /* FeedViewController.swift */,
				1AFCAC41265AB494001A417C /* FeedImageCellController.swift */,
			);
			path = Controllers;
			sourceTree = "<group>";
		};
		1AFCAC30265AADC2001A417C /* Views */ = {
			isa = PBXGroup;
			children = (
				1AD11AE826F216B2004773BD /* Helpers */,
				1ADA36592648ABFB00F25363 /* FeedImageCell.swift */,
				1AE4CC7726F0CA650003EB52 /* ErrorView.swift */,
				1AFC9DB52663C561006C45DC /* Feed.storyboard */,
				1AFC9DBC2663C5CF006C45DC /* Feed.xcassets */,
			);
			path = Views;
			sourceTree = "<group>";
		};
		1AFCAC32265AADEF001A417C /* Feed UI */ = {
			isa = PBXGroup;
			children = (
				1AFCAC34265AAE07001A417C /* Helpers */,
				1AD2B84826417B4900AE624C /* FeedUIIntegrationTests.swift */,
			);
			path = "Feed UI";
			sourceTree = "<group>";
		};
		1AFCAC34265AAE07001A417C /* Helpers */ = {
			isa = PBXGroup;
			children = (
				1A242F93266AF26A00ABC1B1 /* FeedViewControllerTests+Localization.swift */,
				1AE4CC6D26EF704A0003EB52 /* FeedViewController+TestHelpers.swift */,
				1AE4CC6F26EF72580003EB52 /* FeedImageCell+TestHelpers.swift */,
				1AE4CC7126EF72AA0003EB52 /* UIButton+TestHelpers.swift */,
				1AE4CC7326EF72D10003EB52 /* UIRefreshControl+TestHelpers.swift */,
				1AE4CC7526EF72EC0003EB52 /* UIImage+TestHelpers.swift */,
			);
			path = Helpers;
			sourceTree = "<group>";
		};
		1AFCAC48265AD478001A417C /* Composers */ = {
			isa = PBXGroup;
			children = (
				1AFCAC49265AD49F001A417C /* FeedUIComposer.swift */,
				1A242FC5266BD4A500ABC1B1 /* MainQueueDispatchDecorator.swift */,
				1A242FCC266BD50B00ABC1B1 /* FeedImageDataLoaderPresentationAdapter.swift */,
				1A242FD3266BD52C00ABC1B1 /* FeedLoaderPresentationAdapter.swift */,
				1A242FDA266BD54B00ABC1B1 /* FeedViewAdapter.swift */,
				1A242FE1266BD56700ABC1B1 /* WeakRefVirtualProxy.swift */,
			);
			path = Composers;
			sourceTree = "<group>";
		};
/* End PBXGroup section */

/* Begin PBXHeadersBuildPhase section */
		1A85CA99261A0C4C00F219D2 /* Headers */ = {
			isa = PBXHeadersBuildPhase;
			buildActionMask = 2147483647;
			files = (
			);
			runOnlyForDeploymentPostprocessing = 0;
		};
		1AE1E01325CE1B02006EFDFC /* Headers */ = {
			isa = PBXHeadersBuildPhase;
			buildActionMask = 2147483647;
			files = (
			);
			runOnlyForDeploymentPostprocessing = 0;
		};
/* End PBXHeadersBuildPhase section */

/* Begin PBXNativeTarget section */
		1A3DD7342611234000743A4D /* EssentialFeedCacheIntegrationTests */ = {
			isa = PBXNativeTarget;
			buildConfigurationList = 1A3DD73F2611234000743A4D /* Build configuration list for PBXNativeTarget "EssentialFeedCacheIntegrationTests" */;
			buildPhases = (
				1A3DD7312611234000743A4D /* Sources */,
				1A3DD7322611234000743A4D /* Frameworks */,
				1A3DD7332611234000743A4D /* Resources */,
			);
			buildRules = (
			);
			dependencies = (
				1A3DD73C2611234000743A4D /* PBXTargetDependency */,
			);
			name = EssentialFeedCacheIntegrationTests;
			productName = EssentialFeedCacheIntegrationTests;
			productReference = 1A3DD7352611234000743A4D /* EssentialFeedCacheIntegrationTests.xctest */;
			productType = "com.apple.product-type.bundle.unit-test";
		};
		1A85CA9D261A0C4C00F219D2 /* EssentialFeediOS */ = {
			isa = PBXNativeTarget;
			buildConfigurationList = 1A85CAAF261A0C4D00F219D2 /* Build configuration list for PBXNativeTarget "EssentialFeediOS" */;
			buildPhases = (
				1A85CA99261A0C4C00F219D2 /* Headers */,
				1A85CA9A261A0C4C00F219D2 /* Sources */,
				1A85CA9B261A0C4C00F219D2 /* Frameworks */,
				1A85CA9C261A0C4C00F219D2 /* Resources */,
				1AD2B85526417FD100AE624C /* Embed Frameworks */,
			);
			buildRules = (
			);
			dependencies = (
				1AD2B85426417FD100AE624C /* PBXTargetDependency */,
			);
			name = EssentialFeediOS;
			productName = EssentialFeediOS;
			productReference = 1A85CA9E261A0C4C00F219D2 /* EssentialFeediOS.framework */;
			productType = "com.apple.product-type.framework";
		};
		1A85CAA5261A0C4D00F219D2 /* EssentialFeediOSTests */ = {
			isa = PBXNativeTarget;
			buildConfigurationList = 1A85CAB2261A0C4D00F219D2 /* Build configuration list for PBXNativeTarget "EssentialFeediOSTests" */;
			buildPhases = (
				1A85CAA2261A0C4D00F219D2 /* Sources */,
				1A85CAA3261A0C4D00F219D2 /* Frameworks */,
				1A85CAA4261A0C4D00F219D2 /* Resources */,
			);
			buildRules = (
			);
			dependencies = (
				1A85CAA9261A0C4D00F219D2 /* PBXTargetDependency */,
			);
			name = EssentialFeediOSTests;
			productName = EssentialFeediOSTests;
			productReference = 1A85CAA6261A0C4D00F219D2 /* EssentialFeediOSTests.xctest */;
			productType = "com.apple.product-type.bundle.unit-test";
		};
		1AC716EC25D35019008BD1C2 /* EssentialFeedAPIEndToEndTests */ = {
			isa = PBXNativeTarget;
			buildConfigurationList = 1AC716F525D35019008BD1C2 /* Build configuration list for PBXNativeTarget "EssentialFeedAPIEndToEndTests" */;
			buildPhases = (
				1AC716E925D35019008BD1C2 /* Sources */,
				1AC716EA25D35019008BD1C2 /* Frameworks */,
				1AC716EB25D35019008BD1C2 /* Resources */,
			);
			buildRules = (
			);
			dependencies = (
				1AC716F425D35019008BD1C2 /* PBXTargetDependency */,
			);
			name = EssentialFeedAPIEndToEndTests;
			productName = EssentialFeedAPIEndToEndTests;
			productReference = 1AC716ED25D35019008BD1C2 /* EssentialFeedAPIEndToEndTests.xctest */;
			productType = "com.apple.product-type.bundle.unit-test";
		};
		1AE1E01725CE1B02006EFDFC /* EssentialFeed */ = {
			isa = PBXNativeTarget;
			buildConfigurationList = 1AE1E02C25CE1B03006EFDFC /* Build configuration list for PBXNativeTarget "EssentialFeed" */;
			buildPhases = (
				1AE1E01325CE1B02006EFDFC /* Headers */,
				1AE1E01425CE1B02006EFDFC /* Sources */,
				1AE1E01525CE1B02006EFDFC /* Frameworks */,
				1AE1E01625CE1B02006EFDFC /* Resources */,
			);
			buildRules = (
			);
			dependencies = (
			);
			name = EssentialFeed;
			productName = EssentialFeed;
			productReference = 1AE1E01825CE1B02006EFDFC /* EssentialFeed.framework */;
			productType = "com.apple.product-type.framework";
		};
		1AE1E02025CE1B03006EFDFC /* EssentialFeedTests */ = {
			isa = PBXNativeTarget;
			buildConfigurationList = 1AE1E02F25CE1B03006EFDFC /* Build configuration list for PBXNativeTarget "EssentialFeedTests" */;
			buildPhases = (
				1AE1E01D25CE1B03006EFDFC /* Sources */,
				1AE1E01E25CE1B03006EFDFC /* Frameworks */,
				1AE1E01F25CE1B03006EFDFC /* Resources */,
			);
			buildRules = (
			);
			dependencies = (
				1AE1E02425CE1B03006EFDFC /* PBXTargetDependency */,
			);
			name = EssentialFeedTests;
			productName = EssentialFeedTests;
			productReference = 1AE1E02125CE1B03006EFDFC /* EssentialFeedTests.xctest */;
			productType = "com.apple.product-type.bundle.unit-test";
		};
/* End PBXNativeTarget section */

/* Begin PBXProject section */
		1AE1E00F25CE1B02006EFDFC /* Project object */ = {
			isa = PBXProject;
			attributes = {
				LastSwiftUpdateCheck = 1240;
				LastUpgradeCheck = 1250;
				TargetAttributes = {
					1A3DD7342611234000743A4D = {
						CreatedOnToolsVersion = 12.4;
					};
					1A85CA9D261A0C4C00F219D2 = {
						CreatedOnToolsVersion = 12.4;
						LastSwiftMigration = 1240;
					};
					1A85CAA5261A0C4D00F219D2 = {
						CreatedOnToolsVersion = 12.4;
						LastSwiftMigration = 1240;
					};
					1AC716EC25D35019008BD1C2 = {
						CreatedOnToolsVersion = 12.2;
					};
					1AE1E01725CE1B02006EFDFC = {
						CreatedOnToolsVersion = 12.2;
						LastSwiftMigration = 1220;
					};
					1AE1E02025CE1B03006EFDFC = {
						CreatedOnToolsVersion = 12.2;
					};
				};
			};
			buildConfigurationList = 1AE1E01225CE1B02006EFDFC /* Build configuration list for PBXProject "EssentialFeed" */;
			compatibilityVersion = "Xcode 9.3";
			developmentRegion = en;
			hasScannedForEncodings = 0;
			knownRegions = (
				en,
				Base,
				"pt-BR",
				el,
			);
			mainGroup = 1AE1E00E25CE1B02006EFDFC;
			productRefGroup = 1AE1E01925CE1B02006EFDFC /* Products */;
			projectDirPath = "";
			projectRoot = "";
			targets = (
				1AE1E01725CE1B02006EFDFC /* EssentialFeed */,
				1AE1E02025CE1B03006EFDFC /* EssentialFeedTests */,
				1AC716EC25D35019008BD1C2 /* EssentialFeedAPIEndToEndTests */,
				1A3DD7342611234000743A4D /* EssentialFeedCacheIntegrationTests */,
				1A85CA9D261A0C4C00F219D2 /* EssentialFeediOS */,
				1A85CAA5261A0C4D00F219D2 /* EssentialFeediOSTests */,
			);
		};
/* End PBXProject section */

/* Begin PBXResourcesBuildPhase section */
		1A3DD7332611234000743A4D /* Resources */ = {
			isa = PBXResourcesBuildPhase;
			buildActionMask = 2147483647;
			files = (
			);
			runOnlyForDeploymentPostprocessing = 0;
		};
		1A85CA9C261A0C4C00F219D2 /* Resources */ = {
			isa = PBXResourcesBuildPhase;
			buildActionMask = 2147483647;
			files = (
				1AFC9DB62663C561006C45DC /* Feed.storyboard in Resources */,
				1AFC9DBD2663C5CF006C45DC /* Feed.xcassets in Resources */,
			);
			runOnlyForDeploymentPostprocessing = 0;
		};
		1A85CAA4261A0C4D00F219D2 /* Resources */ = {
			isa = PBXResourcesBuildPhase;
			buildActionMask = 2147483647;
			files = (
			);
			runOnlyForDeploymentPostprocessing = 0;
		};
		1AC716EB25D35019008BD1C2 /* Resources */ = {
			isa = PBXResourcesBuildPhase;
			buildActionMask = 2147483647;
			files = (
			);
			runOnlyForDeploymentPostprocessing = 0;
		};
		1AE1E01625CE1B02006EFDFC /* Resources */ = {
			isa = PBXResourcesBuildPhase;
			buildActionMask = 2147483647;
			files = (
				1AD11AF926F66A13004773BD /* Feed.strings in Resources */,
			);
			runOnlyForDeploymentPostprocessing = 0;
		};
		1AE1E01F25CE1B03006EFDFC /* Resources */ = {
			isa = PBXResourcesBuildPhase;
			buildActionMask = 2147483647;
			files = (
			);
			runOnlyForDeploymentPostprocessing = 0;
		};
/* End PBXResourcesBuildPhase section */

/* Begin PBXSourcesBuildPhase section */
		1A3DD7312611234000743A4D /* Sources */ = {
			isa = PBXSourcesBuildPhase;
			buildActionMask = 2147483647;
			files = (
				1A9EE06C261128D5004EBD03 /* SharedTestHelpers.swift in Sources */,
				1A3DD7382611234000743A4D /* EssentialFeedCacheIntegrationTests.swift in Sources */,
				1A9EE067261128CC004EBD03 /* FeedCacheTestHelpers.swift in Sources */,
				1A9EE0622611270C004EBD03 /* XCTestCase+MemoryLeakTracking.swift in Sources */,
			);
			runOnlyForDeploymentPostprocessing = 0;
		};
		1A85CA9A261A0C4C00F219D2 /* Sources */ = {
			isa = PBXSourcesBuildPhase;
			buildActionMask = 2147483647;
			files = (
				1A242FCD266BD50B00ABC1B1 /* FeedImageDataLoaderPresentationAdapter.swift in Sources */,
				1A242FE2266BD56700ABC1B1 /* WeakRefVirtualProxy.swift in Sources */,
				1AE4CC7826F0CA650003EB52 /* ErrorView.swift in Sources */,
				1A8E8B3E2659736300632F98 /* UIView+Shimmering.swift in Sources */,
				1A242FDB266BD54B00ABC1B1 /* FeedViewAdapter.swift in Sources */,
				1A242FC6266BD4A500ABC1B1 /* MainQueueDispatchDecorator.swift in Sources */,
				1AD11AEE26F217E1004773BD /* UIRefreshControl+Helpers.swift in Sources */,
				1AF2C00C2646DA16007147A2 /* FeedViewController.swift in Sources */,
				1ADA365A2648ABFB00F25363 /* FeedImageCell.swift in Sources */,
				1AFC9DC92663DF8E006C45DC /* UITableView+Dequeuein.swift in Sources */,
				1AFCAC42265AB494001A417C /* FeedImageCellController.swift in Sources */,
				1AFCAC4A265AD49F001A417C /* FeedUIComposer.swift in Sources */,
				1A242FD4266BD52C00ABC1B1 /* FeedLoaderPresentationAdapter.swift in Sources */,
				1AFC9DD02663E08B006C45DC /* UIImageView+Animations.swift in Sources */,
			);
			runOnlyForDeploymentPostprocessing = 0;
		};
		1A85CAA2261A0C4D00F219D2 /* Sources */ = {
			isa = PBXSourcesBuildPhase;
			buildActionMask = 2147483647;
			files = (
				1AD2B84926417B4900AE624C /* FeedUIIntegrationTests.swift in Sources */,
				1AE4CC7026EF72580003EB52 /* FeedImageCell+TestHelpers.swift in Sources */,
				1AE4CC7626EF72EC0003EB52 /* UIImage+TestHelpers.swift in Sources */,
				1AD2B85B264180AD00AE624C /* XCTestCase+MemoryLeakTracking.swift in Sources */,
				1AE4CC7226EF72AA0003EB52 /* UIButton+TestHelpers.swift in Sources */,
				1AE4CC7426EF72D10003EB52 /* UIRefreshControl+TestHelpers.swift in Sources */,
				1AE4CC6E26EF704A0003EB52 /* FeedViewController+TestHelpers.swift in Sources */,
				1A242F94266AF26A00ABC1B1 /* FeedViewControllerTests+Localization.swift in Sources */,
			);
			runOnlyForDeploymentPostprocessing = 0;
		};
		1AC716E925D35019008BD1C2 /* Sources */ = {
			isa = PBXSourcesBuildPhase;
			buildActionMask = 2147483647;
			files = (
				1AC716F025D35019008BD1C2 /* EssentialFeedAPIEndToEndTests.swift in Sources */,
				1AC716FB25D3556A008BD1C2 /* XCTestCase+MemoryLeakTracking.swift in Sources */,
			);
			runOnlyForDeploymentPostprocessing = 0;
		};
		1AE1E01425CE1B02006EFDFC /* Sources */ = {
			isa = PBXSourcesBuildPhase;
			buildActionMask = 2147483647;
			files = (
				1A51D3632601882F00DC384F /* CoreDataHelpers.swift in Sources */,
				1AE1E06225D0BE4A006EFDFC /* FeedItemsMapper.swift in Sources */,
				1AE1E03925CE1B6B006EFDFC /* FeedLoader.swift in Sources */,
				1AC71EFD25DC92B7008BD1C2 /* RemoteFeedItem.swift in Sources */,
				1AD11B0E26F6B2C4004773BD /* FeedImageViewModel.swift in Sources */,
				1A77246D25E3E67900691D74 /* FeedCachePolicy.swift in Sources */,
				1AB6544727121F4A00F10A91 /* RemoteFeedImageDataLoader.swift in Sources */,
				1AE1E05825CF15AA006EFDFC /* RemoteFeedLoader.swift in Sources */,
				1A51D34F260164A800DC384F /* FeedStore.xcdatamodeld in Sources */,
				1AC71F0225DC92FF008BD1C2 /* LocalFeedImage.swift in Sources */,
				EF8EBFE527370EF000866A96 /* CoreDataFeedStore+FeedStore.swift in Sources */,
				1AD11B0326F66F04004773BD /* FeedViewModel.swift in Sources */,
				1AC71EF825DC8809008BD1C2 /* FeedStore.swift in Sources */,
				1AC71EF325DC878D008BD1C2 /* LocalFeedLoader.swift in Sources */,
				1AE1E05E25D0BE03006EFDFC /* HTTPClient.swift in Sources */,
				1AE1E03525CE1B12006EFDFC /* FeedImage.swift in Sources */,
				1ACD9B4427135EF000BB6115 /* FeedImageDataStore.swift in Sources */,
				1AD11AF826F6691E004773BD /* FeedPresenter.swift in Sources */,
				EF8EBFDF2736FDD500866A96 /* CoreDataFeedStore+FeedImageDataLoader.swift in Sources */,
				1AC716E625D34C97008BD1C2 /* URLSessionHTTPClient.swift in Sources */,
				1AB6544A2712288000F10A91 /* HTTPURLResponse+StatusCode.swift in Sources */,
				1A51D368260188A700DC384F /* ManagedCache.swift in Sources */,
				1ADDD62126002CC800024FE4 /* CoreDataFeedStore.swift in Sources */,
				1AD11B0726F66F78004773BD /* FeedErrorViewModel.swift in Sources */,
				1ACD7E6026FB41F700C0AABB /* FeedImageDataLoader.swift in Sources */,
				1AD11B0526F66F41004773BD /* FeedLoadingViewModel.swift in Sources */,
				1ACD9B4627135F1B00BB6115 /* LocalFeedImageDataLoader.swift in Sources */,
				1AD11B0C26F6B229004773BD /* FeedImagePresenter.swift in Sources */,
				1A51D36D260188D300DC384F /* ManagedFeedImage.swift in Sources */,
			);
			runOnlyForDeploymentPostprocessing = 0;
		};
		1AE1E01D25CE1B03006EFDFC /* Sources */ = {
			isa = PBXSourcesBuildPhase;
			buildActionMask = 2147483647;
			files = (
				1A77246325E3430D00691D74 /* FeedCacheTestHelpers.swift in Sources */,
				1AB6544C271228E000F10A91 /* URLProtocolStub.swift in Sources */,
				1A77245E25E33F0F00691D74 /* ValidateFeedCacheUseCaseTests.swift in Sources */,
				1AEDDBDC26A4DC5F003CD145 /* FeedPresenterTests.swift in Sources */,
				1ACD7E6226FB426000C0AABB /* LoadFeedImageDataFromRemoteUseCaseTests.swift in Sources */,
				1AE1E04025CE227A006EFDFC /* LoadFeedFromRemoteUseCaseTests.swift in Sources */,
				1A10585A25E89DC80006E732 /* XCTestCase+FailableInsertFeedStoreSpecs.swift in Sources */,
				1AD11B0826F67C2C004773BD /* FeedLocalizationTests.swift in Sources */,
				EF8EBFD82736EA8700866A96 /* CacheFeedImageDataUseCaseTests.swift in Sources */,
				1AC716D525D205DB008BD1C2 /* URLSessionHTTPClientTests.swift in Sources */,
				1ADDD61B26002C3700024FE4 /* CoreDataFeedStoreTests.swift in Sources */,
				1ACD9B422713571600BB6115 /* LoadFeedImageDataFromCacheUseCaseTests.swift in Sources */,
				1AB6544527121D6D00F10A91 /* HTTPClientSpy.swift in Sources */,
				1A77245225E1E11100691D74 /* FeedStoreSpy.swift in Sources */,
				1A77246825E3439100691D74 /* SharedTestHelpers.swift in Sources */,
				1AC71A1B25D9631E008BD1C2 /* CacheFeedUseCaseTests.swift in Sources */,
				1ACD9B48271366D800BB6115 /* FeedImageDataStoreSpy.swift in Sources */,
				EF8EBFDA2736F55500866A96 /* CoreDataFeedImageDataStoreTests.swift in Sources */,
				1A10586D25E8A0050006E732 /* XCTestCase+FailableDeleteFeedStoreSpecs.swift in Sources */,
				1A10585425E89D4D0006E732 /* XCTestCase+FailableRetrieveFeedStoreSpecs.swift in Sources */,
				1A77244C25E1DFFE00691D74 /* LoadFeedFromCacheUseCaseTests.swift in Sources */,
				1A10584A25E897860006E732 /* FeedStoreSpecs.swift in Sources */,
				1AC716DC25D21DC0008BD1C2 /* XCTestCase+MemoryLeakTracking.swift in Sources */,
				1AD11B0A26F6AA92004773BD /* FeedImagePresenterTests.swift in Sources */,
				1A10584F25E898070006E732 /* XCTestCase+FeedStoreSpecs.swift in Sources */,
			);
			runOnlyForDeploymentPostprocessing = 0;
		};
/* End PBXSourcesBuildPhase section */

/* Begin PBXTargetDependency section */
		1A3DD73C2611234000743A4D /* PBXTargetDependency */ = {
			isa = PBXTargetDependency;
			target = 1AE1E01725CE1B02006EFDFC /* EssentialFeed */;
			targetProxy = 1A3DD73B2611234000743A4D /* PBXContainerItemProxy */;
		};
		1A85CAA9261A0C4D00F219D2 /* PBXTargetDependency */ = {
			isa = PBXTargetDependency;
			target = 1A85CA9D261A0C4C00F219D2 /* EssentialFeediOS */;
			targetProxy = 1A85CAA8261A0C4D00F219D2 /* PBXContainerItemProxy */;
		};
		1AC716F425D35019008BD1C2 /* PBXTargetDependency */ = {
			isa = PBXTargetDependency;
			target = 1AE1E01725CE1B02006EFDFC /* EssentialFeed */;
			targetProxy = 1AC716F325D35019008BD1C2 /* PBXContainerItemProxy */;
		};
		1AD2B85426417FD100AE624C /* PBXTargetDependency */ = {
			isa = PBXTargetDependency;
			platformFilter = ios;
			target = 1AE1E01725CE1B02006EFDFC /* EssentialFeed */;
			targetProxy = 1AD2B85326417FD100AE624C /* PBXContainerItemProxy */;
		};
		1AE1E02425CE1B03006EFDFC /* PBXTargetDependency */ = {
			isa = PBXTargetDependency;
			target = 1AE1E01725CE1B02006EFDFC /* EssentialFeed */;
			targetProxy = 1AE1E02325CE1B03006EFDFC /* PBXContainerItemProxy */;
		};
/* End PBXTargetDependency section */

/* Begin PBXVariantGroup section */
		1AD11AF326F4C461004773BD /* Feed.strings */ = {
			isa = PBXVariantGroup;
			children = (
				1AD11AF226F4C461004773BD /* en */,
				1AD11AF426F4C462004773BD /* el */,
				1AD11AF526F4C463004773BD /* pt-BR */,
			);
			name = Feed.strings;
			sourceTree = "<group>";
		};
/* End PBXVariantGroup section */

/* Begin XCBuildConfiguration section */
		1A3DD73D2611234000743A4D /* Debug */ = {
			isa = XCBuildConfiguration;
			buildSettings = {
				CODE_SIGN_IDENTITY = "Apple Development";
				CODE_SIGN_STYLE = Automatic;
				COMBINE_HIDPI_IMAGES = YES;
				DEVELOPMENT_TEAM = H74WUMXWN4;
				INFOPLIST_FILE = EssentialFeedCacheIntegrationTests/Info.plist;
				LD_RUNPATH_SEARCH_PATHS = (
					"$(inherited)",
					"@executable_path/../Frameworks",
					"@loader_path/../Frameworks",
				);
				PRODUCT_BUNDLE_IDENTIFIER = com.gmail.agrav065.EssentialFeedCacheIntegrationTests;
				PRODUCT_NAME = "$(TARGET_NAME)";
				SUPPORTED_PLATFORMS = "macosx iphonesimulator iphoneos";
				SWIFT_VERSION = 5.0;
			};
			name = Debug;
		};
		1A3DD73E2611234000743A4D /* Release */ = {
			isa = XCBuildConfiguration;
			buildSettings = {
				CODE_SIGN_IDENTITY = "Apple Development";
				CODE_SIGN_STYLE = Automatic;
				COMBINE_HIDPI_IMAGES = YES;
				DEVELOPMENT_TEAM = H74WUMXWN4;
				INFOPLIST_FILE = EssentialFeedCacheIntegrationTests/Info.plist;
				LD_RUNPATH_SEARCH_PATHS = (
					"$(inherited)",
					"@executable_path/../Frameworks",
					"@loader_path/../Frameworks",
				);
				PRODUCT_BUNDLE_IDENTIFIER = com.gmail.agrav065.EssentialFeedCacheIntegrationTests;
				PRODUCT_NAME = "$(TARGET_NAME)";
				SUPPORTED_PLATFORMS = "macosx iphonesimulator iphoneos";
				SWIFT_VERSION = 5.0;
			};
			name = Release;
		};
		1A85CAB0261A0C4D00F219D2 /* Debug */ = {
			isa = XCBuildConfiguration;
			buildSettings = {
				CLANG_ENABLE_MODULES = YES;
				CODE_SIGN_STYLE = Automatic;
				DEFINES_MODULE = YES;
				DEVELOPMENT_TEAM = H74WUMXWN4;
				DYLIB_COMPATIBILITY_VERSION = 1;
				DYLIB_CURRENT_VERSION = 1;
				DYLIB_INSTALL_NAME_BASE = "@rpath";
				INFOPLIST_FILE = EssentialFeediOS/Info.plist;
				INSTALL_PATH = "$(LOCAL_LIBRARY_DIR)/Frameworks";
				IPHONEOS_DEPLOYMENT_TARGET = 14.5;
				LD_RUNPATH_SEARCH_PATHS = (
					"$(inherited)",
					"@executable_path/Frameworks",
					"@loader_path/Frameworks",
				);
				PRODUCT_BUNDLE_IDENTIFIER = com.gmail.agrav065.EssentialFeediOS;
				PRODUCT_NAME = "$(TARGET_NAME:c99extidentifier)";
				SDKROOT = iphoneos;
				SKIP_INSTALL = YES;
				SWIFT_OPTIMIZATION_LEVEL = "-Onone";
				SWIFT_VERSION = 5.0;
				TARGETED_DEVICE_FAMILY = "1,2";
			};
			name = Debug;
		};
		1A85CAB1261A0C4D00F219D2 /* Release */ = {
			isa = XCBuildConfiguration;
			buildSettings = {
				CLANG_ENABLE_MODULES = YES;
				CODE_SIGN_STYLE = Automatic;
				DEFINES_MODULE = YES;
				DEVELOPMENT_TEAM = H74WUMXWN4;
				DYLIB_COMPATIBILITY_VERSION = 1;
				DYLIB_CURRENT_VERSION = 1;
				DYLIB_INSTALL_NAME_BASE = "@rpath";
				INFOPLIST_FILE = EssentialFeediOS/Info.plist;
				INSTALL_PATH = "$(LOCAL_LIBRARY_DIR)/Frameworks";
				IPHONEOS_DEPLOYMENT_TARGET = 14.5;
				LD_RUNPATH_SEARCH_PATHS = (
					"$(inherited)",
					"@executable_path/Frameworks",
					"@loader_path/Frameworks",
				);
				PRODUCT_BUNDLE_IDENTIFIER = com.gmail.agrav065.EssentialFeediOS;
				PRODUCT_NAME = "$(TARGET_NAME:c99extidentifier)";
				SDKROOT = iphoneos;
				SKIP_INSTALL = YES;
				SWIFT_VERSION = 5.0;
				TARGETED_DEVICE_FAMILY = "1,2";
				VALIDATE_PRODUCT = YES;
			};
			name = Release;
		};
		1A85CAB3261A0C4D00F219D2 /* Debug */ = {
			isa = XCBuildConfiguration;
			buildSettings = {
				ALWAYS_EMBED_SWIFT_STANDARD_LIBRARIES = YES;
				CLANG_ENABLE_MODULES = YES;
				CODE_SIGN_STYLE = Automatic;
				DEVELOPMENT_TEAM = H74WUMXWN4;
				INFOPLIST_FILE = EssentialFeediOSTests/Info.plist;
				IPHONEOS_DEPLOYMENT_TARGET = 14.5;
				LD_RUNPATH_SEARCH_PATHS = (
					"$(inherited)",
					"@executable_path/Frameworks",
					"@loader_path/Frameworks",
				);
				PRODUCT_BUNDLE_IDENTIFIER = com.gmail.agrav065.EssentialFeediOSTests;
				PRODUCT_NAME = "$(TARGET_NAME)";
				SDKROOT = iphoneos;
				SWIFT_OPTIMIZATION_LEVEL = "-Onone";
				SWIFT_VERSION = 5.0;
				TARGETED_DEVICE_FAMILY = "1,2";
			};
			name = Debug;
		};
		1A85CAB4261A0C4D00F219D2 /* Release */ = {
			isa = XCBuildConfiguration;
			buildSettings = {
				ALWAYS_EMBED_SWIFT_STANDARD_LIBRARIES = YES;
				CLANG_ENABLE_MODULES = YES;
				CODE_SIGN_STYLE = Automatic;
				DEVELOPMENT_TEAM = H74WUMXWN4;
				INFOPLIST_FILE = EssentialFeediOSTests/Info.plist;
				IPHONEOS_DEPLOYMENT_TARGET = 14.5;
				LD_RUNPATH_SEARCH_PATHS = (
					"$(inherited)",
					"@executable_path/Frameworks",
					"@loader_path/Frameworks",
				);
				PRODUCT_BUNDLE_IDENTIFIER = com.gmail.agrav065.EssentialFeediOSTests;
				PRODUCT_NAME = "$(TARGET_NAME)";
				SDKROOT = iphoneos;
				SWIFT_VERSION = 5.0;
				TARGETED_DEVICE_FAMILY = "1,2";
				VALIDATE_PRODUCT = YES;
			};
			name = Release;
		};
		1AC716F625D35019008BD1C2 /* Debug */ = {
			isa = XCBuildConfiguration;
			buildSettings = {
				CODE_SIGN_STYLE = Automatic;
				COMBINE_HIDPI_IMAGES = YES;
				DEVELOPMENT_TEAM = H74WUMXWN4;
				INFOPLIST_FILE = EssentialFeedAPIEndToEndTests/Info.plist;
				LD_RUNPATH_SEARCH_PATHS = (
					"$(inherited)",
					"@executable_path/../Frameworks",
					"@loader_path/../Frameworks",
				);
				PRODUCT_BUNDLE_IDENTIFIER = com.gmail.agrav065.EssentialFeedAPIEndToEndTests;
				PRODUCT_NAME = "$(TARGET_NAME)";
				SUPPORTED_PLATFORMS = "macosx iphonesimulator iphoneos";
				SWIFT_VERSION = 5.0;
			};
			name = Debug;
		};
		1AC716F725D35019008BD1C2 /* Release */ = {
			isa = XCBuildConfiguration;
			buildSettings = {
				CODE_SIGN_STYLE = Automatic;
				COMBINE_HIDPI_IMAGES = YES;
				DEVELOPMENT_TEAM = H74WUMXWN4;
				INFOPLIST_FILE = EssentialFeedAPIEndToEndTests/Info.plist;
				LD_RUNPATH_SEARCH_PATHS = (
					"$(inherited)",
					"@executable_path/../Frameworks",
					"@loader_path/../Frameworks",
				);
				PRODUCT_BUNDLE_IDENTIFIER = com.gmail.agrav065.EssentialFeedAPIEndToEndTests;
				PRODUCT_NAME = "$(TARGET_NAME)";
				SUPPORTED_PLATFORMS = "macosx iphonesimulator iphoneos";
				SWIFT_VERSION = 5.0;
			};
			name = Release;
		};
		1AE1E02A25CE1B03006EFDFC /* Debug */ = {
			isa = XCBuildConfiguration;
			buildSettings = {
				ALWAYS_SEARCH_USER_PATHS = NO;
				CLANG_ANALYZER_LOCALIZABILITY_NONLOCALIZED = YES;
				CLANG_ANALYZER_NONNULL = YES;
				CLANG_ANALYZER_NUMBER_OBJECT_CONVERSION = YES_AGGRESSIVE;
				CLANG_CXX_LANGUAGE_STANDARD = "gnu++14";
				CLANG_CXX_LIBRARY = "libc++";
				CLANG_ENABLE_MODULES = YES;
				CLANG_ENABLE_OBJC_ARC = YES;
				CLANG_ENABLE_OBJC_WEAK = YES;
				CLANG_WARN_BLOCK_CAPTURE_AUTORELEASING = YES;
				CLANG_WARN_BOOL_CONVERSION = YES;
				CLANG_WARN_COMMA = YES;
				CLANG_WARN_CONSTANT_CONVERSION = YES;
				CLANG_WARN_DEPRECATED_OBJC_IMPLEMENTATIONS = YES;
				CLANG_WARN_DIRECT_OBJC_ISA_USAGE = YES_ERROR;
				CLANG_WARN_DOCUMENTATION_COMMENTS = YES;
				CLANG_WARN_EMPTY_BODY = YES;
				CLANG_WARN_ENUM_CONVERSION = YES;
				CLANG_WARN_INFINITE_RECURSION = YES;
				CLANG_WARN_INT_CONVERSION = YES;
				CLANG_WARN_NON_LITERAL_NULL_CONVERSION = YES;
				CLANG_WARN_OBJC_IMPLICIT_RETAIN_SELF = YES;
				CLANG_WARN_OBJC_LITERAL_CONVERSION = YES;
				CLANG_WARN_OBJC_ROOT_CLASS = YES_ERROR;
				CLANG_WARN_QUOTED_INCLUDE_IN_FRAMEWORK_HEADER = YES;
				CLANG_WARN_RANGE_LOOP_ANALYSIS = YES;
				CLANG_WARN_STRICT_PROTOTYPES = YES;
				CLANG_WARN_SUSPICIOUS_MOVE = YES;
				CLANG_WARN_UNGUARDED_AVAILABILITY = YES_AGGRESSIVE;
				CLANG_WARN_UNREACHABLE_CODE = YES;
				CLANG_WARN__DUPLICATE_METHOD_MATCH = YES;
				COPY_PHASE_STRIP = NO;
				CURRENT_PROJECT_VERSION = 1;
				DEBUG_INFORMATION_FORMAT = dwarf;
				ENABLE_STRICT_OBJC_MSGSEND = YES;
				ENABLE_TESTABILITY = YES;
				GCC_C_LANGUAGE_STANDARD = gnu11;
				GCC_DYNAMIC_NO_PIC = NO;
				GCC_NO_COMMON_BLOCKS = YES;
				GCC_OPTIMIZATION_LEVEL = 0;
				GCC_PREPROCESSOR_DEFINITIONS = (
					"DEBUG=1",
					"$(inherited)",
				);
				GCC_WARN_64_TO_32_BIT_CONVERSION = YES;
				GCC_WARN_ABOUT_RETURN_TYPE = YES_ERROR;
				GCC_WARN_UNDECLARED_SELECTOR = YES;
				GCC_WARN_UNINITIALIZED_AUTOS = YES_AGGRESSIVE;
				GCC_WARN_UNUSED_FUNCTION = YES;
				GCC_WARN_UNUSED_VARIABLE = YES;
				MACOSX_DEPLOYMENT_TARGET = 10.15;
				MTL_ENABLE_DEBUG_INFO = INCLUDE_SOURCE;
				MTL_FAST_MATH = YES;
				ONLY_ACTIVE_ARCH = YES;
				SDKROOT = macosx;
				SWIFT_ACTIVE_COMPILATION_CONDITIONS = DEBUG;
				SWIFT_OPTIMIZATION_LEVEL = "-Onone";
				VERSIONING_SYSTEM = "apple-generic";
				VERSION_INFO_PREFIX = "";
			};
			name = Debug;
		};
		1AE1E02B25CE1B03006EFDFC /* Release */ = {
			isa = XCBuildConfiguration;
			buildSettings = {
				ALWAYS_SEARCH_USER_PATHS = NO;
				CLANG_ANALYZER_LOCALIZABILITY_NONLOCALIZED = YES;
				CLANG_ANALYZER_NONNULL = YES;
				CLANG_ANALYZER_NUMBER_OBJECT_CONVERSION = YES_AGGRESSIVE;
				CLANG_CXX_LANGUAGE_STANDARD = "gnu++14";
				CLANG_CXX_LIBRARY = "libc++";
				CLANG_ENABLE_MODULES = YES;
				CLANG_ENABLE_OBJC_ARC = YES;
				CLANG_ENABLE_OBJC_WEAK = YES;
				CLANG_WARN_BLOCK_CAPTURE_AUTORELEASING = YES;
				CLANG_WARN_BOOL_CONVERSION = YES;
				CLANG_WARN_COMMA = YES;
				CLANG_WARN_CONSTANT_CONVERSION = YES;
				CLANG_WARN_DEPRECATED_OBJC_IMPLEMENTATIONS = YES;
				CLANG_WARN_DIRECT_OBJC_ISA_USAGE = YES_ERROR;
				CLANG_WARN_DOCUMENTATION_COMMENTS = YES;
				CLANG_WARN_EMPTY_BODY = YES;
				CLANG_WARN_ENUM_CONVERSION = YES;
				CLANG_WARN_INFINITE_RECURSION = YES;
				CLANG_WARN_INT_CONVERSION = YES;
				CLANG_WARN_NON_LITERAL_NULL_CONVERSION = YES;
				CLANG_WARN_OBJC_IMPLICIT_RETAIN_SELF = YES;
				CLANG_WARN_OBJC_LITERAL_CONVERSION = YES;
				CLANG_WARN_OBJC_ROOT_CLASS = YES_ERROR;
				CLANG_WARN_QUOTED_INCLUDE_IN_FRAMEWORK_HEADER = YES;
				CLANG_WARN_RANGE_LOOP_ANALYSIS = YES;
				CLANG_WARN_STRICT_PROTOTYPES = YES;
				CLANG_WARN_SUSPICIOUS_MOVE = YES;
				CLANG_WARN_UNGUARDED_AVAILABILITY = YES_AGGRESSIVE;
				CLANG_WARN_UNREACHABLE_CODE = YES;
				CLANG_WARN__DUPLICATE_METHOD_MATCH = YES;
				COPY_PHASE_STRIP = NO;
				CURRENT_PROJECT_VERSION = 1;
				DEBUG_INFORMATION_FORMAT = "dwarf-with-dsym";
				ENABLE_NS_ASSERTIONS = NO;
				ENABLE_STRICT_OBJC_MSGSEND = YES;
				GCC_C_LANGUAGE_STANDARD = gnu11;
				GCC_NO_COMMON_BLOCKS = YES;
				GCC_WARN_64_TO_32_BIT_CONVERSION = YES;
				GCC_WARN_ABOUT_RETURN_TYPE = YES_ERROR;
				GCC_WARN_UNDECLARED_SELECTOR = YES;
				GCC_WARN_UNINITIALIZED_AUTOS = YES_AGGRESSIVE;
				GCC_WARN_UNUSED_FUNCTION = YES;
				GCC_WARN_UNUSED_VARIABLE = YES;
				MACOSX_DEPLOYMENT_TARGET = 10.15;
				MTL_ENABLE_DEBUG_INFO = NO;
				MTL_FAST_MATH = YES;
				SDKROOT = macosx;
				SWIFT_COMPILATION_MODE = wholemodule;
				SWIFT_OPTIMIZATION_LEVEL = "-O";
				VERSIONING_SYSTEM = "apple-generic";
				VERSION_INFO_PREFIX = "";
			};
			name = Release;
		};
		1AE1E02D25CE1B03006EFDFC /* Debug */ = {
			isa = XCBuildConfiguration;
			buildSettings = {
				CLANG_ENABLE_MODULES = YES;
				CODE_SIGN_IDENTITY = "";
				CODE_SIGN_STYLE = Automatic;
				COMBINE_HIDPI_IMAGES = YES;
				DEFINES_MODULE = YES;
				DEVELOPMENT_TEAM = H74WUMXWN4;
				DYLIB_COMPATIBILITY_VERSION = 1;
				DYLIB_CURRENT_VERSION = 1;
				DYLIB_INSTALL_NAME_BASE = "@rpath";
				INFOPLIST_FILE = EssentialFeed/Info.plist;
				INSTALL_PATH = "$(LOCAL_LIBRARY_DIR)/Frameworks";
				LD_RUNPATH_SEARCH_PATHS = (
					"$(inherited)",
					"@executable_path/../Frameworks",
					"@loader_path/Frameworks",
				);
				PRODUCT_BUNDLE_IDENTIFIER = com.gmail.agrav065.EssentialFeed;
				PRODUCT_NAME = "$(TARGET_NAME:c99extidentifier)";
				PROVISIONING_PROFILE_SPECIFIER = "";
				SKIP_INSTALL = YES;
				SUPPORTED_PLATFORMS = "macosx iphonesimulator iphoneos";
				SWIFT_OPTIMIZATION_LEVEL = "-Onone";
				SWIFT_VERSION = 5.0;
			};
			name = Debug;
		};
		1AE1E02E25CE1B03006EFDFC /* Release */ = {
			isa = XCBuildConfiguration;
			buildSettings = {
				CLANG_ENABLE_MODULES = YES;
				CODE_SIGN_IDENTITY = "";
				CODE_SIGN_STYLE = Automatic;
				COMBINE_HIDPI_IMAGES = YES;
				DEFINES_MODULE = YES;
				DEVELOPMENT_TEAM = H74WUMXWN4;
				DYLIB_COMPATIBILITY_VERSION = 1;
				DYLIB_CURRENT_VERSION = 1;
				DYLIB_INSTALL_NAME_BASE = "@rpath";
				INFOPLIST_FILE = EssentialFeed/Info.plist;
				INSTALL_PATH = "$(LOCAL_LIBRARY_DIR)/Frameworks";
				LD_RUNPATH_SEARCH_PATHS = (
					"$(inherited)",
					"@executable_path/../Frameworks",
					"@loader_path/Frameworks",
				);
				PRODUCT_BUNDLE_IDENTIFIER = com.gmail.agrav065.EssentialFeed;
				PRODUCT_NAME = "$(TARGET_NAME:c99extidentifier)";
				PROVISIONING_PROFILE_SPECIFIER = "";
				SKIP_INSTALL = YES;
				SUPPORTED_PLATFORMS = "macosx iphonesimulator iphoneos";
				SWIFT_VERSION = 5.0;
			};
			name = Release;
		};
		1AE1E03025CE1B03006EFDFC /* Debug */ = {
			isa = XCBuildConfiguration;
			buildSettings = {
				ALWAYS_EMBED_SWIFT_STANDARD_LIBRARIES = YES;
				CODE_SIGN_STYLE = Automatic;
				COMBINE_HIDPI_IMAGES = YES;
				DEVELOPMENT_TEAM = H74WUMXWN4;
				INFOPLIST_FILE = EssentialFeedTests/Info.plist;
				LD_RUNPATH_SEARCH_PATHS = (
					"$(inherited)",
					"@executable_path/../Frameworks",
					"@loader_path/../Frameworks",
				);
				PRODUCT_BUNDLE_IDENTIFIER = com.gmail.agrav065.EssentialFeedTests;
				PRODUCT_NAME = "$(TARGET_NAME)";
				SUPPORTED_PLATFORMS = "macosx iphoneos iphonesimulator";
				SWIFT_VERSION = 5.0;
			};
			name = Debug;
		};
		1AE1E03125CE1B03006EFDFC /* Release */ = {
			isa = XCBuildConfiguration;
			buildSettings = {
				ALWAYS_EMBED_SWIFT_STANDARD_LIBRARIES = YES;
				CODE_SIGN_STYLE = Automatic;
				COMBINE_HIDPI_IMAGES = YES;
				DEVELOPMENT_TEAM = H74WUMXWN4;
				INFOPLIST_FILE = EssentialFeedTests/Info.plist;
				LD_RUNPATH_SEARCH_PATHS = (
					"$(inherited)",
					"@executable_path/../Frameworks",
					"@loader_path/../Frameworks",
				);
				PRODUCT_BUNDLE_IDENTIFIER = com.gmail.agrav065.EssentialFeedTests;
				PRODUCT_NAME = "$(TARGET_NAME)";
				SUPPORTED_PLATFORMS = "macosx iphoneos iphonesimulator";
				SWIFT_VERSION = 5.0;
			};
			name = Release;
		};
/* End XCBuildConfiguration section */

/* Begin XCConfigurationList section */
		1A3DD73F2611234000743A4D /* Build configuration list for PBXNativeTarget "EssentialFeedCacheIntegrationTests" */ = {
			isa = XCConfigurationList;
			buildConfigurations = (
				1A3DD73D2611234000743A4D /* Debug */,
				1A3DD73E2611234000743A4D /* Release */,
			);
			defaultConfigurationIsVisible = 0;
			defaultConfigurationName = Release;
		};
		1A85CAAF261A0C4D00F219D2 /* Build configuration list for PBXNativeTarget "EssentialFeediOS" */ = {
			isa = XCConfigurationList;
			buildConfigurations = (
				1A85CAB0261A0C4D00F219D2 /* Debug */,
				1A85CAB1261A0C4D00F219D2 /* Release */,
			);
			defaultConfigurationIsVisible = 0;
			defaultConfigurationName = Release;
		};
		1A85CAB2261A0C4D00F219D2 /* Build configuration list for PBXNativeTarget "EssentialFeediOSTests" */ = {
			isa = XCConfigurationList;
			buildConfigurations = (
				1A85CAB3261A0C4D00F219D2 /* Debug */,
				1A85CAB4261A0C4D00F219D2 /* Release */,
			);
			defaultConfigurationIsVisible = 0;
			defaultConfigurationName = Release;
		};
		1AC716F525D35019008BD1C2 /* Build configuration list for PBXNativeTarget "EssentialFeedAPIEndToEndTests" */ = {
			isa = XCConfigurationList;
			buildConfigurations = (
				1AC716F625D35019008BD1C2 /* Debug */,
				1AC716F725D35019008BD1C2 /* Release */,
			);
			defaultConfigurationIsVisible = 0;
			defaultConfigurationName = Release;
		};
		1AE1E01225CE1B02006EFDFC /* Build configuration list for PBXProject "EssentialFeed" */ = {
			isa = XCConfigurationList;
			buildConfigurations = (
				1AE1E02A25CE1B03006EFDFC /* Debug */,
				1AE1E02B25CE1B03006EFDFC /* Release */,
			);
			defaultConfigurationIsVisible = 0;
			defaultConfigurationName = Release;
		};
		1AE1E02C25CE1B03006EFDFC /* Build configuration list for PBXNativeTarget "EssentialFeed" */ = {
			isa = XCConfigurationList;
			buildConfigurations = (
				1AE1E02D25CE1B03006EFDFC /* Debug */,
				1AE1E02E25CE1B03006EFDFC /* Release */,
			);
			defaultConfigurationIsVisible = 0;
			defaultConfigurationName = Release;
		};
		1AE1E02F25CE1B03006EFDFC /* Build configuration list for PBXNativeTarget "EssentialFeedTests" */ = {
			isa = XCConfigurationList;
			buildConfigurations = (
				1AE1E03025CE1B03006EFDFC /* Debug */,
				1AE1E03125CE1B03006EFDFC /* Release */,
			);
			defaultConfigurationIsVisible = 0;
			defaultConfigurationName = Release;
		};
/* End XCConfigurationList section */

/* Begin XCVersionGroup section */
		1ADDD62826002F3A00024FE4 /* FeedStore.xcdatamodeld */ = {
			isa = XCVersionGroup;
			children = (
				EF8EBFE32737089F00866A96 /* FeedStore2.xcdatamodel */,
				1ADDD62926002F3A00024FE4 /* FeedStore.xcdatamodel */,
			);
			currentVersion = EF8EBFE32737089F00866A96 /* FeedStore2.xcdatamodel */;
			path = FeedStore.xcdatamodeld;
			sourceTree = "<group>";
			versionGroupType = wrapper.xcdatamodel;
		};
/* End XCVersionGroup section */
	};
	rootObject = 1AE1E00F25CE1B02006EFDFC /* Project object */;
}
